
Microsoft Visual Studio Solution File, Format Version 12.00
# Visual Studio 15
VisualStudioVersion = 15.0.27428.2027
MinimumVisualStudioVersion = 10.0.40219.1
Project("{2150E333-8FDC-42A3-9474-1A3956D46DE8}") = "Solution Items", "Solution Items", "{75599E13-1A1C-4F6F-81CD-59377FBD4C8F}"
	ProjectSection(SolutionItems) = preProject
		LICENSE = LICENSE
		README.md = README.md
	EndProjectSection
EndProject
Project("{9A19103F-16F7-4668-BE54-9A1E7A4F7556}") = "Pixel3D.Serialization", "..\Pixel3D.Serialization\src\Pixel3D.Serialization\Pixel3D.Serialization.csproj", "{EEDBF0F2-9594-4164-A37F-081A944C0BB0}"
EndProject
Project("{9A19103F-16F7-4668-BE54-9A1E7A4F7556}") = "Pixel3D", "src\Pixel3D\Pixel3D.csproj", "{790B8AB0-E162-4F29-ABED-11AD81D4D6F9}"
EndProject
Project("{9A19103F-16F7-4668-BE54-9A1E7A4F7556}") = "Pixel3D.Network.Rollback.Input", "..\Pixel3D.Network\src\Pixel3D.Network.Rollback.Input\Pixel3D.Network.Rollback.Input.csproj", "{681D39F7-BFA4-4C92-8623-E19815B5DA07}"
EndProject
Project("{FAE04EC0-301F-11D3-BF4B-00C04F79EFBC}") = "FNA", "..\FNA\FNA.csproj", "{35253CE1-C864-4CD3-8249-4D1319748E8F}"
EndProject
Project("{FAE04EC0-301F-11D3-BF4B-00C04F79EFBC}") = "Pixel3D.Engine", "src\Pixel3D.Engine\Pixel3D.Engine.csproj", "{F4271246-09A8-43F3-9230-071E9E6306B7}"
EndProject
Project("{FAE04EC0-301F-11D3-BF4B-00C04F79EFBC}") = "Pixel3D.AssetManagement", "src\Pixel3D.AssetManagement\Pixel3D.AssetManagement.csproj", "{550E1BFF-47BE-4B1E-9B11-2A1784519626}"
EndProject
Global
	GlobalSection(SolutionConfigurationPlatforms) = preSolution
		Debug|Any CPU = Debug|Any CPU
		Debug|x64 = Debug|x64
		Debug|x86 = Debug|x86
		Release|Any CPU = Release|Any CPU
		Release|x64 = Release|x64
		Release|x86 = Release|x86
	EndGlobalSection
	GlobalSection(ProjectConfigurationPlatforms) = postSolution
		{EEDBF0F2-9594-4164-A37F-081A944C0BB0}.Debug|Any CPU.ActiveCfg = Debug|Any CPU
		{EEDBF0F2-9594-4164-A37F-081A944C0BB0}.Debug|Any CPU.Build.0 = Debug|Any CPU
		{EEDBF0F2-9594-4164-A37F-081A944C0BB0}.Debug|x64.ActiveCfg = Debug|Any CPU
		{EEDBF0F2-9594-4164-A37F-081A944C0BB0}.Debug|x64.Build.0 = Debug|Any CPU
		{EEDBF0F2-9594-4164-A37F-081A944C0BB0}.Debug|x86.ActiveCfg = Debug|Any CPU
		{EEDBF0F2-9594-4164-A37F-081A944C0BB0}.Debug|x86.Build.0 = Debug|Any CPU
		{EEDBF0F2-9594-4164-A37F-081A944C0BB0}.Release|Any CPU.ActiveCfg = Release|Any CPU
		{EEDBF0F2-9594-4164-A37F-081A944C0BB0}.Release|Any CPU.Build.0 = Release|Any CPU
		{EEDBF0F2-9594-4164-A37F-081A944C0BB0}.Release|x64.ActiveCfg = Release|Any CPU
		{EEDBF0F2-9594-4164-A37F-081A944C0BB0}.Release|x64.Build.0 = Release|Any CPU
		{EEDBF0F2-9594-4164-A37F-081A944C0BB0}.Release|x86.ActiveCfg = Release|Any CPU
		{EEDBF0F2-9594-4164-A37F-081A944C0BB0}.Release|x86.Build.0 = Release|Any CPU
		{790B8AB0-E162-4F29-ABED-11AD81D4D6F9}.Debug|Any CPU.ActiveCfg = Debug|Any CPU
		{790B8AB0-E162-4F29-ABED-11AD81D4D6F9}.Debug|Any CPU.Build.0 = Debug|Any CPU
		{790B8AB0-E162-4F29-ABED-11AD81D4D6F9}.Debug|x64.ActiveCfg = Debug|Any CPU
		{790B8AB0-E162-4F29-ABED-11AD81D4D6F9}.Debug|x64.Build.0 = Debug|Any CPU
		{790B8AB0-E162-4F29-ABED-11AD81D4D6F9}.Debug|x86.ActiveCfg = Debug|Any CPU
		{790B8AB0-E162-4F29-ABED-11AD81D4D6F9}.Debug|x86.Build.0 = Debug|Any CPU
		{790B8AB0-E162-4F29-ABED-11AD81D4D6F9}.Release|Any CPU.ActiveCfg = Release|Any CPU
		{790B8AB0-E162-4F29-ABED-11AD81D4D6F9}.Release|Any CPU.Build.0 = Release|Any CPU
		{790B8AB0-E162-4F29-ABED-11AD81D4D6F9}.Release|x64.ActiveCfg = Release|Any CPU
		{790B8AB0-E162-4F29-ABED-11AD81D4D6F9}.Release|x64.Build.0 = Release|Any CPU
		{790B8AB0-E162-4F29-ABED-11AD81D4D6F9}.Release|x86.ActiveCfg = Release|Any CPU
		{790B8AB0-E162-4F29-ABED-11AD81D4D6F9}.Release|x86.Build.0 = Release|Any CPU
		{681D39F7-BFA4-4C92-8623-E19815B5DA07}.Debug|Any CPU.ActiveCfg = Debug|Any CPU
		{681D39F7-BFA4-4C92-8623-E19815B5DA07}.Debug|Any CPU.Build.0 = Debug|Any CPU
		{681D39F7-BFA4-4C92-8623-E19815B5DA07}.Debug|x64.ActiveCfg = Debug|Any CPU
		{681D39F7-BFA4-4C92-8623-E19815B5DA07}.Debug|x64.Build.0 = Debug|Any CPU
		{681D39F7-BFA4-4C92-8623-E19815B5DA07}.Debug|x86.ActiveCfg = Debug|Any CPU
		{681D39F7-BFA4-4C92-8623-E19815B5DA07}.Debug|x86.Build.0 = Debug|Any CPU
		{681D39F7-BFA4-4C92-8623-E19815B5DA07}.Release|Any CPU.ActiveCfg = Release|Any CPU
		{681D39F7-BFA4-4C92-8623-E19815B5DA07}.Release|Any CPU.Build.0 = Release|Any CPU
		{681D39F7-BFA4-4C92-8623-E19815B5DA07}.Release|x64.ActiveCfg = Release|Any CPU
		{681D39F7-BFA4-4C92-8623-E19815B5DA07}.Release|x64.Build.0 = Release|Any CPU
		{681D39F7-BFA4-4C92-8623-E19815B5DA07}.Release|x86.ActiveCfg = Release|Any CPU
		{681D39F7-BFA4-4C92-8623-E19815B5DA07}.Release|x86.Build.0 = Release|Any CPU
		{35253CE1-C864-4CD3-8249-4D1319748E8F}.Debug|Any CPU.ActiveCfg = Debug|Any CPU
		{35253CE1-C864-4CD3-8249-4D1319748E8F}.Debug|Any CPU.Build.0 = Debug|Any CPU
		{35253CE1-C864-4CD3-8249-4D1319748E8F}.Debug|x64.ActiveCfg = Debug|x64
		{35253CE1-C864-4CD3-8249-4D1319748E8F}.Debug|x64.Build.0 = Debug|x64
		{35253CE1-C864-4CD3-8249-4D1319748E8F}.Debug|x86.ActiveCfg = Debug|x86
		{35253CE1-C864-4CD3-8249-4D1319748E8F}.Debug|x86.Build.0 = Debug|x86
		{35253CE1-C864-4CD3-8249-4D1319748E8F}.Release|Any CPU.ActiveCfg = Release|Any CPU
		{35253CE1-C864-4CD3-8249-4D1319748E8F}.Release|Any CPU.Build.0 = Release|Any CPU
		{35253CE1-C864-4CD3-8249-4D1319748E8F}.Release|x64.ActiveCfg = Release|x64
		{35253CE1-C864-4CD3-8249-4D1319748E8F}.Release|x64.Build.0 = Release|x64
		{35253CE1-C864-4CD3-8249-4D1319748E8F}.Release|x86.ActiveCfg = Release|x86
		{35253CE1-C864-4CD3-8249-4D1319748E8F}.Release|x86.Build.0 = Release|x86
		{F4271246-09A8-43F3-9230-071E9E6306B7}.Debug|Any CPU.ActiveCfg = Debug|Any CPU
		{F4271246-09A8-43F3-9230-071E9E6306B7}.Debug|Any CPU.Build.0 = Debug|Any CPU
		{F4271246-09A8-43F3-9230-071E9E6306B7}.Debug|x64.ActiveCfg = Debug|Any CPU
		{F4271246-09A8-43F3-9230-071E9E6306B7}.Debug|x64.Build.0 = Debug|Any CPU
		{F4271246-09A8-43F3-9230-071E9E6306B7}.Debug|x86.ActiveCfg = Debug|Any CPU
		{F4271246-09A8-43F3-9230-071E9E6306B7}.Debug|x86.Build.0 = Debug|Any CPU
		{F4271246-09A8-43F3-9230-071E9E6306B7}.Release|Any CPU.ActiveCfg = Release|Any CPU
		{F4271246-09A8-43F3-9230-071E9E6306B7}.Release|Any CPU.Build.0 = Release|Any CPU
		{F4271246-09A8-43F3-9230-071E9E6306B7}.Release|x64.ActiveCfg = Release|Any CPU
		{F4271246-09A8-43F3-9230-071E9E6306B7}.Release|x64.Build.0 = Release|Any CPU
		{F4271246-09A8-43F3-9230-071E9E6306B7}.Release|x86.ActiveCfg = Release|Any CPU
		{F4271246-09A8-43F3-9230-071E9E6306B7}.Release|x86.Build.0 = Release|Any CPU
		{550E1BFF-47BE-4B1E-9B11-2A1784519626}.Debug|Any CPU.ActiveCfg = Debug|Any CPU
		{550E1BFF-47BE-4B1E-9B11-2A1784519626}.Debug|Any CPU.Build.0 = Debug|Any CPU
		{550E1BFF-47BE-4B1E-9B11-2A1784519626}.Debug|x64.ActiveCfg = Debug|Any CPU
		{550E1BFF-47BE-4B1E-9B11-2A1784519626}.Debug|x64.Build.0 = Debug|Any CPU
		{550E1BFF-47BE-4B1E-9B11-2A1784519626}.Debug|x86.ActiveCfg = Debug|Any CPU
		{550E1BFF-47BE-4B1E-9B11-2A1784519626}.Debug|x86.Build.0 = Debug|Any CPU
		{550E1BFF-47BE-4B1E-9B11-2A1784519626}.Release|Any CPU.ActiveCfg = Release|Any CPU
		{550E1BFF-47BE-4B1E-9B11-2A1784519626}.Release|Any CPU.Build.0 = Release|Any CPU
		{550E1BFF-47BE-4B1E-9B11-2A1784519626}.Release|x64.ActiveCfg = Release|Any CPU
		{550E1BFF-47BE-4B1E-9B11-2A1784519626}.Release|x64.Build.0 = Release|Any CPU
		{550E1BFF-47BE-4B1E-9B11-2A1784519626}.Release|x86.ActiveCfg = Release|Any CPU
		{550E1BFF-47BE-4B1E-9B11-2A1784519626}.Release|x86.Build.0 = Release|Any CPU
	EndGlobalSection
	GlobalSection(SolutionProperties) = preSolution
		HideSolutionNode = FALSE
	EndGlobalSection
	GlobalSection(ExtensibilityGlobals) = postSolution
		SolutionGuid = {E2785EB1-1CEF-47F7-A35D-2C8C78834469}
	EndGlobalSection
EndGlobal
