
Microsoft Visual Studio Solution File, Format Version 12.00
# Visual Studio 15
VisualStudioVersion = 15.0.27428.2027
MinimumVisualStudioVersion = 10.0.40219.1
Project("{2150E333-8FDC-42A3-9474-1A3956D46DE8}") = "Solution Items", "Solution Items", "{75599E13-1A1C-4F6F-81CD-59377FBD4C8F}"
	ProjectSection(SolutionItems) = preProject
		LICENSE = LICENSE
		README.md = README.md
	EndProjectSection
EndProject
Project("{9A19103F-16F7-4668-BE54-9A1E7A4F7556}") = "Pixel3D", "src\Pixel3D\Pixel3D.csproj", "{790B8AB0-E162-4F29-ABED-11AD81D4D6F9}"
EndProject
Project("{FAE04EC0-301F-11D3-BF4B-00C04F79EFBC}") = "FNA", "..\FNA\FNA.csproj", "{35253CE1-C864-4CD3-8249-4D1319748E8F}"
EndProject
Project("{9A19103F-16F7-4668-BE54-9A1E7A4F7556}") = "Pixel3D.AssetManagement", "src\Pixel3D.AssetManagement\Pixel3D.AssetManagement.csproj", "{550E1BFF-47BE-4B1E-9B11-2A1784519626}"
EndProject
Project("{9A19103F-16F7-4668-BE54-9A1E7A4F7556}") = "Pixel3D.Audio", "src\Pixel3D.Audio\Pixel3D.Audio.csproj", "{52F63851-9353-44BE-BBBE-A4A92C353D14}"
EndProject
Project("{9A19103F-16F7-4668-BE54-9A1E7A4F7556}") = "Pixel3D.StateManagement", "src\Pixel3D.StateManagement\Pixel3D.StateManagement.csproj", "{6E48FCD0-AD6B-43A4-A2B0-149E53025F74}"
EndProject
Project("{9A19103F-16F7-4668-BE54-9A1E7A4F7556}") = "Pixel3D.LoopRecorder", "src\Pixel3D.LoopRecorder\Pixel3D.LoopRecorder.csproj", "{A5B8E53C-24D8-43AF-9708-6EE5D091C07E}"
EndProject
Project("{9A19103F-16F7-4668-BE54-9A1E7A4F7556}") = "Pixel3D.Strings", "src\Pixel3D.Strings\Pixel3D.Strings.csproj", "{D05171BF-A7F7-4A43-9BA2-D8643B047209}"
EndProject
Project("{9A19103F-16F7-4668-BE54-9A1E7A4F7556}") = "Pixel3D.Navigation", "src\Pixel3D.Navigation\Pixel3D.Navigation.csproj", "{914260D9-8ACA-4122-84EA-0776F304F2AD}"
EndProject
Project("{9A19103F-16F7-4668-BE54-9A1E7A4F7556}") = "Pixel3D.Common", "src\Pixel3D.Common\Pixel3D.Common.csproj", "{9B9C8DE1-4E24-4E53-8F79-14370E3096DC}"
EndProject
Project("{9A19103F-16F7-4668-BE54-9A1E7A4F7556}") = "Pixel3D.Engine.FNA", "src\Pixel3D.Engine.FNA\Pixel3D.Engine.FNA.csproj", "{8FCAC036-3C4D-4021-8591-C1F1DE09F226}"
EndProject
Project("{9A19103F-16F7-4668-BE54-9A1E7A4F7556}") = "Pixel3D.Pipeline", "src\Pixel3D.Pipeline\Pixel3D.Pipeline.csproj", "{54149AC6-F32A-4D09-B5D8-3CAC2F085570}"
EndProject
Project("{9A19103F-16F7-4668-BE54-9A1E7A4F7556}") = "Pixel3D.Serialization.Support", "src\Pixel3D.Serialization.Support\Pixel3D.Serialization.Support.csproj", "{2EFF5D87-402D-48DA-B075-D7CDBE275DD8}"
EndProject
Project("{9A19103F-16F7-4668-BE54-9A1E7A4F7556}") = "Pixel3D.All", "src\Pixel3D.All\Pixel3D.All.csproj", "{65C39232-3C4C-4944-8E94-B24A447B7E69}"
EndProject
Project("{9A19103F-16F7-4668-BE54-9A1E7A4F7556}") = "Pixel3D.Serialization", "src\Pixel3D.Serialization\Pixel3D.Serialization.csproj", "{3A037F58-D2DC-4636-BC48-47F09C6566E4}"
EndProject
Project("{9A19103F-16F7-4668-BE54-9A1E7A4F7556}") = "Pixel3D.ActorManagement", "src\Pixel3D.ActorManagement\Pixel3D.ActorManagement.csproj", "{8FED1866-79FC-46BB-9172-F417A2B8A3B7}"
EndProject
Project("{9A19103F-16F7-4668-BE54-9A1E7A4F7556}") = "Pixel3D.Levels", "src\Pixel3D.Levels\Pixel3D.Levels.csproj", "{C7041F43-346A-4D75-865B-672221B2DC86}"
EndProject
Project("{FAE04EC0-301F-11D3-BF4B-00C04F79EFBC}") = "Pixel3D.Editing", "src\Pixel3D.Editing\Pixel3D.Editing.csproj", "{69E205BD-218D-4E8F-995D-23DACA31D653}"
EndProject
Global
	GlobalSection(SolutionConfigurationPlatforms) = preSolution
		Debug|Any CPU = Debug|Any CPU
		Debug|x64 = Debug|x64
		Debug|x86 = Debug|x86
		Release|Any CPU = Release|Any CPU
		Release|x64 = Release|x64
		Release|x86 = Release|x86
	EndGlobalSection
	GlobalSection(ProjectConfigurationPlatforms) = postSolution
		{790B8AB0-E162-4F29-ABED-11AD81D4D6F9}.Debug|Any CPU.ActiveCfg = Debug|Any CPU
		{790B8AB0-E162-4F29-ABED-11AD81D4D6F9}.Debug|Any CPU.Build.0 = Debug|Any CPU
		{790B8AB0-E162-4F29-ABED-11AD81D4D6F9}.Debug|x64.ActiveCfg = Debug|Any CPU
		{790B8AB0-E162-4F29-ABED-11AD81D4D6F9}.Debug|x64.Build.0 = Debug|Any CPU
		{790B8AB0-E162-4F29-ABED-11AD81D4D6F9}.Debug|x86.ActiveCfg = Debug|Any CPU
		{790B8AB0-E162-4F29-ABED-11AD81D4D6F9}.Debug|x86.Build.0 = Debug|Any CPU
		{790B8AB0-E162-4F29-ABED-11AD81D4D6F9}.Release|Any CPU.ActiveCfg = Release|Any CPU
		{790B8AB0-E162-4F29-ABED-11AD81D4D6F9}.Release|Any CPU.Build.0 = Release|Any CPU
		{790B8AB0-E162-4F29-ABED-11AD81D4D6F9}.Release|x64.ActiveCfg = Release|Any CPU
		{790B8AB0-E162-4F29-ABED-11AD81D4D6F9}.Release|x64.Build.0 = Release|Any CPU
		{790B8AB0-E162-4F29-ABED-11AD81D4D6F9}.Release|x86.ActiveCfg = Release|Any CPU
		{790B8AB0-E162-4F29-ABED-11AD81D4D6F9}.Release|x86.Build.0 = Release|Any CPU
		{35253CE1-C864-4CD3-8249-4D1319748E8F}.Debug|Any CPU.ActiveCfg = Debug|Any CPU
		{35253CE1-C864-4CD3-8249-4D1319748E8F}.Debug|Any CPU.Build.0 = Debug|Any CPU
		{35253CE1-C864-4CD3-8249-4D1319748E8F}.Debug|x64.ActiveCfg = Debug|x64
		{35253CE1-C864-4CD3-8249-4D1319748E8F}.Debug|x64.Build.0 = Debug|x64
		{35253CE1-C864-4CD3-8249-4D1319748E8F}.Debug|x86.ActiveCfg = Debug|x86
		{35253CE1-C864-4CD3-8249-4D1319748E8F}.Debug|x86.Build.0 = Debug|x86
		{35253CE1-C864-4CD3-8249-4D1319748E8F}.Release|Any CPU.ActiveCfg = Release|Any CPU
		{35253CE1-C864-4CD3-8249-4D1319748E8F}.Release|Any CPU.Build.0 = Release|Any CPU
		{35253CE1-C864-4CD3-8249-4D1319748E8F}.Release|x64.ActiveCfg = Release|x64
		{35253CE1-C864-4CD3-8249-4D1319748E8F}.Release|x64.Build.0 = Release|x64
		{35253CE1-C864-4CD3-8249-4D1319748E8F}.Release|x86.ActiveCfg = Release|x86
		{35253CE1-C864-4CD3-8249-4D1319748E8F}.Release|x86.Build.0 = Release|x86
		{550E1BFF-47BE-4B1E-9B11-2A1784519626}.Debug|Any CPU.ActiveCfg = Debug|Any CPU
		{550E1BFF-47BE-4B1E-9B11-2A1784519626}.Debug|Any CPU.Build.0 = Debug|Any CPU
		{550E1BFF-47BE-4B1E-9B11-2A1784519626}.Debug|x64.ActiveCfg = Debug|Any CPU
		{550E1BFF-47BE-4B1E-9B11-2A1784519626}.Debug|x64.Build.0 = Debug|Any CPU
		{550E1BFF-47BE-4B1E-9B11-2A1784519626}.Debug|x86.ActiveCfg = Debug|Any CPU
		{550E1BFF-47BE-4B1E-9B11-2A1784519626}.Debug|x86.Build.0 = Debug|Any CPU
		{550E1BFF-47BE-4B1E-9B11-2A1784519626}.Release|Any CPU.ActiveCfg = Release|Any CPU
		{550E1BFF-47BE-4B1E-9B11-2A1784519626}.Release|Any CPU.Build.0 = Release|Any CPU
		{550E1BFF-47BE-4B1E-9B11-2A1784519626}.Release|x64.ActiveCfg = Release|Any CPU
		{550E1BFF-47BE-4B1E-9B11-2A1784519626}.Release|x64.Build.0 = Release|Any CPU
		{550E1BFF-47BE-4B1E-9B11-2A1784519626}.Release|x86.ActiveCfg = Release|Any CPU
		{550E1BFF-47BE-4B1E-9B11-2A1784519626}.Release|x86.Build.0 = Release|Any CPU
		{52F63851-9353-44BE-BBBE-A4A92C353D14}.Debug|Any CPU.ActiveCfg = Debug|Any CPU
		{52F63851-9353-44BE-BBBE-A4A92C353D14}.Debug|Any CPU.Build.0 = Debug|Any CPU
		{52F63851-9353-44BE-BBBE-A4A92C353D14}.Debug|x64.ActiveCfg = Debug|Any CPU
		{52F63851-9353-44BE-BBBE-A4A92C353D14}.Debug|x64.Build.0 = Debug|Any CPU
		{52F63851-9353-44BE-BBBE-A4A92C353D14}.Debug|x86.ActiveCfg = Debug|Any CPU
		{52F63851-9353-44BE-BBBE-A4A92C353D14}.Debug|x86.Build.0 = Debug|Any CPU
		{52F63851-9353-44BE-BBBE-A4A92C353D14}.Release|Any CPU.ActiveCfg = Release|Any CPU
		{52F63851-9353-44BE-BBBE-A4A92C353D14}.Release|Any CPU.Build.0 = Release|Any CPU
		{52F63851-9353-44BE-BBBE-A4A92C353D14}.Release|x64.ActiveCfg = Release|Any CPU
		{52F63851-9353-44BE-BBBE-A4A92C353D14}.Release|x64.Build.0 = Release|Any CPU
		{52F63851-9353-44BE-BBBE-A4A92C353D14}.Release|x86.ActiveCfg = Release|Any CPU
		{52F63851-9353-44BE-BBBE-A4A92C353D14}.Release|x86.Build.0 = Release|Any CPU
		{6E48FCD0-AD6B-43A4-A2B0-149E53025F74}.Debug|Any CPU.ActiveCfg = Debug|Any CPU
		{6E48FCD0-AD6B-43A4-A2B0-149E53025F74}.Debug|Any CPU.Build.0 = Debug|Any CPU
		{6E48FCD0-AD6B-43A4-A2B0-149E53025F74}.Debug|x64.ActiveCfg = Debug|Any CPU
		{6E48FCD0-AD6B-43A4-A2B0-149E53025F74}.Debug|x64.Build.0 = Debug|Any CPU
		{6E48FCD0-AD6B-43A4-A2B0-149E53025F74}.Debug|x86.ActiveCfg = Debug|Any CPU
		{6E48FCD0-AD6B-43A4-A2B0-149E53025F74}.Debug|x86.Build.0 = Debug|Any CPU
		{6E48FCD0-AD6B-43A4-A2B0-149E53025F74}.Release|Any CPU.ActiveCfg = Release|Any CPU
		{6E48FCD0-AD6B-43A4-A2B0-149E53025F74}.Release|Any CPU.Build.0 = Release|Any CPU
		{6E48FCD0-AD6B-43A4-A2B0-149E53025F74}.Release|x64.ActiveCfg = Release|Any CPU
		{6E48FCD0-AD6B-43A4-A2B0-149E53025F74}.Release|x64.Build.0 = Release|Any CPU
		{6E48FCD0-AD6B-43A4-A2B0-149E53025F74}.Release|x86.ActiveCfg = Release|Any CPU
		{6E48FCD0-AD6B-43A4-A2B0-149E53025F74}.Release|x86.Build.0 = Release|Any CPU
		{A5B8E53C-24D8-43AF-9708-6EE5D091C07E}.Debug|Any CPU.ActiveCfg = Debug|Any CPU
		{A5B8E53C-24D8-43AF-9708-6EE5D091C07E}.Debug|Any CPU.Build.0 = Debug|Any CPU
		{A5B8E53C-24D8-43AF-9708-6EE5D091C07E}.Debug|x64.ActiveCfg = Debug|Any CPU
		{A5B8E53C-24D8-43AF-9708-6EE5D091C07E}.Debug|x64.Build.0 = Debug|Any CPU
		{A5B8E53C-24D8-43AF-9708-6EE5D091C07E}.Debug|x86.ActiveCfg = Debug|Any CPU
		{A5B8E53C-24D8-43AF-9708-6EE5D091C07E}.Debug|x86.Build.0 = Debug|Any CPU
		{A5B8E53C-24D8-43AF-9708-6EE5D091C07E}.Release|Any CPU.ActiveCfg = Release|Any CPU
		{A5B8E53C-24D8-43AF-9708-6EE5D091C07E}.Release|Any CPU.Build.0 = Release|Any CPU
		{A5B8E53C-24D8-43AF-9708-6EE5D091C07E}.Release|x64.ActiveCfg = Release|Any CPU
		{A5B8E53C-24D8-43AF-9708-6EE5D091C07E}.Release|x64.Build.0 = Release|Any CPU
		{A5B8E53C-24D8-43AF-9708-6EE5D091C07E}.Release|x86.ActiveCfg = Release|Any CPU
		{A5B8E53C-24D8-43AF-9708-6EE5D091C07E}.Release|x86.Build.0 = Release|Any CPU
		{D05171BF-A7F7-4A43-9BA2-D8643B047209}.Debug|Any CPU.ActiveCfg = Debug|Any CPU
		{D05171BF-A7F7-4A43-9BA2-D8643B047209}.Debug|Any CPU.Build.0 = Debug|Any CPU
		{D05171BF-A7F7-4A43-9BA2-D8643B047209}.Debug|x64.ActiveCfg = Debug|Any CPU
		{D05171BF-A7F7-4A43-9BA2-D8643B047209}.Debug|x64.Build.0 = Debug|Any CPU
		{D05171BF-A7F7-4A43-9BA2-D8643B047209}.Debug|x86.ActiveCfg = Debug|Any CPU
		{D05171BF-A7F7-4A43-9BA2-D8643B047209}.Debug|x86.Build.0 = Debug|Any CPU
		{D05171BF-A7F7-4A43-9BA2-D8643B047209}.Release|Any CPU.ActiveCfg = Release|Any CPU
		{D05171BF-A7F7-4A43-9BA2-D8643B047209}.Release|Any CPU.Build.0 = Release|Any CPU
		{D05171BF-A7F7-4A43-9BA2-D8643B047209}.Release|x64.ActiveCfg = Release|Any CPU
		{D05171BF-A7F7-4A43-9BA2-D8643B047209}.Release|x64.Build.0 = Release|Any CPU
		{D05171BF-A7F7-4A43-9BA2-D8643B047209}.Release|x86.ActiveCfg = Release|Any CPU
		{D05171BF-A7F7-4A43-9BA2-D8643B047209}.Release|x86.Build.0 = Release|Any CPU
		{914260D9-8ACA-4122-84EA-0776F304F2AD}.Debug|Any CPU.ActiveCfg = Debug|Any CPU
		{914260D9-8ACA-4122-84EA-0776F304F2AD}.Debug|Any CPU.Build.0 = Debug|Any CPU
		{914260D9-8ACA-4122-84EA-0776F304F2AD}.Debug|x64.ActiveCfg = Debug|Any CPU
		{914260D9-8ACA-4122-84EA-0776F304F2AD}.Debug|x64.Build.0 = Debug|Any CPU
		{914260D9-8ACA-4122-84EA-0776F304F2AD}.Debug|x86.ActiveCfg = Debug|Any CPU
		{914260D9-8ACA-4122-84EA-0776F304F2AD}.Debug|x86.Build.0 = Debug|Any CPU
		{914260D9-8ACA-4122-84EA-0776F304F2AD}.Release|Any CPU.ActiveCfg = Release|Any CPU
		{914260D9-8ACA-4122-84EA-0776F304F2AD}.Release|Any CPU.Build.0 = Release|Any CPU
		{914260D9-8ACA-4122-84EA-0776F304F2AD}.Release|x64.ActiveCfg = Release|Any CPU
		{914260D9-8ACA-4122-84EA-0776F304F2AD}.Release|x64.Build.0 = Release|Any CPU
		{914260D9-8ACA-4122-84EA-0776F304F2AD}.Release|x86.ActiveCfg = Release|Any CPU
		{914260D9-8ACA-4122-84EA-0776F304F2AD}.Release|x86.Build.0 = Release|Any CPU
		{9B9C8DE1-4E24-4E53-8F79-14370E3096DC}.Debug|Any CPU.ActiveCfg = Debug|Any CPU
		{9B9C8DE1-4E24-4E53-8F79-14370E3096DC}.Debug|Any CPU.Build.0 = Debug|Any CPU
		{9B9C8DE1-4E24-4E53-8F79-14370E3096DC}.Debug|x64.ActiveCfg = Debug|Any CPU
		{9B9C8DE1-4E24-4E53-8F79-14370E3096DC}.Debug|x64.Build.0 = Debug|Any CPU
		{9B9C8DE1-4E24-4E53-8F79-14370E3096DC}.Debug|x86.ActiveCfg = Debug|Any CPU
		{9B9C8DE1-4E24-4E53-8F79-14370E3096DC}.Debug|x86.Build.0 = Debug|Any CPU
		{9B9C8DE1-4E24-4E53-8F79-14370E3096DC}.Release|Any CPU.ActiveCfg = Release|Any CPU
		{9B9C8DE1-4E24-4E53-8F79-14370E3096DC}.Release|Any CPU.Build.0 = Release|Any CPU
		{9B9C8DE1-4E24-4E53-8F79-14370E3096DC}.Release|x64.ActiveCfg = Release|Any CPU
		{9B9C8DE1-4E24-4E53-8F79-14370E3096DC}.Release|x64.Build.0 = Release|Any CPU
		{9B9C8DE1-4E24-4E53-8F79-14370E3096DC}.Release|x86.ActiveCfg = Release|Any CPU
		{9B9C8DE1-4E24-4E53-8F79-14370E3096DC}.Release|x86.Build.0 = Release|Any CPU
		{8FCAC036-3C4D-4021-8591-C1F1DE09F226}.Debug|Any CPU.ActiveCfg = Debug|Any CPU
		{8FCAC036-3C4D-4021-8591-C1F1DE09F226}.Debug|Any CPU.Build.0 = Debug|Any CPU
		{8FCAC036-3C4D-4021-8591-C1F1DE09F226}.Debug|x64.ActiveCfg = Debug|Any CPU
		{8FCAC036-3C4D-4021-8591-C1F1DE09F226}.Debug|x64.Build.0 = Debug|Any CPU
		{8FCAC036-3C4D-4021-8591-C1F1DE09F226}.Debug|x86.ActiveCfg = Debug|Any CPU
		{8FCAC036-3C4D-4021-8591-C1F1DE09F226}.Debug|x86.Build.0 = Debug|Any CPU
		{8FCAC036-3C4D-4021-8591-C1F1DE09F226}.Release|Any CPU.ActiveCfg = Release|Any CPU
		{8FCAC036-3C4D-4021-8591-C1F1DE09F226}.Release|Any CPU.Build.0 = Release|Any CPU
		{8FCAC036-3C4D-4021-8591-C1F1DE09F226}.Release|x64.ActiveCfg = Release|Any CPU
		{8FCAC036-3C4D-4021-8591-C1F1DE09F226}.Release|x64.Build.0 = Release|Any CPU
		{8FCAC036-3C4D-4021-8591-C1F1DE09F226}.Release|x86.ActiveCfg = Release|Any CPU
		{8FCAC036-3C4D-4021-8591-C1F1DE09F226}.Release|x86.Build.0 = Release|Any CPU
		{54149AC6-F32A-4D09-B5D8-3CAC2F085570}.Debug|Any CPU.ActiveCfg = Debug|Any CPU
		{54149AC6-F32A-4D09-B5D8-3CAC2F085570}.Debug|Any CPU.Build.0 = Debug|Any CPU
		{54149AC6-F32A-4D09-B5D8-3CAC2F085570}.Debug|x64.ActiveCfg = Debug|Any CPU
		{54149AC6-F32A-4D09-B5D8-3CAC2F085570}.Debug|x64.Build.0 = Debug|Any CPU
		{54149AC6-F32A-4D09-B5D8-3CAC2F085570}.Debug|x86.ActiveCfg = Debug|Any CPU
		{54149AC6-F32A-4D09-B5D8-3CAC2F085570}.Debug|x86.Build.0 = Debug|Any CPU
		{54149AC6-F32A-4D09-B5D8-3CAC2F085570}.Release|Any CPU.ActiveCfg = Release|Any CPU
		{54149AC6-F32A-4D09-B5D8-3CAC2F085570}.Release|Any CPU.Build.0 = Release|Any CPU
		{54149AC6-F32A-4D09-B5D8-3CAC2F085570}.Release|x64.ActiveCfg = Release|Any CPU
		{54149AC6-F32A-4D09-B5D8-3CAC2F085570}.Release|x64.Build.0 = Release|Any CPU
		{54149AC6-F32A-4D09-B5D8-3CAC2F085570}.Release|x86.ActiveCfg = Release|Any CPU
		{54149AC6-F32A-4D09-B5D8-3CAC2F085570}.Release|x86.Build.0 = Release|Any CPU
		{2EFF5D87-402D-48DA-B075-D7CDBE275DD8}.Debug|Any CPU.ActiveCfg = Debug|Any CPU
		{2EFF5D87-402D-48DA-B075-D7CDBE275DD8}.Debug|Any CPU.Build.0 = Debug|Any CPU
		{2EFF5D87-402D-48DA-B075-D7CDBE275DD8}.Debug|x64.ActiveCfg = Debug|Any CPU
		{2EFF5D87-402D-48DA-B075-D7CDBE275DD8}.Debug|x64.Build.0 = Debug|Any CPU
		{2EFF5D87-402D-48DA-B075-D7CDBE275DD8}.Debug|x86.ActiveCfg = Debug|Any CPU
		{2EFF5D87-402D-48DA-B075-D7CDBE275DD8}.Debug|x86.Build.0 = Debug|Any CPU
		{2EFF5D87-402D-48DA-B075-D7CDBE275DD8}.Release|Any CPU.ActiveCfg = Release|Any CPU
		{2EFF5D87-402D-48DA-B075-D7CDBE275DD8}.Release|Any CPU.Build.0 = Release|Any CPU
		{2EFF5D87-402D-48DA-B075-D7CDBE275DD8}.Release|x64.ActiveCfg = Release|Any CPU
		{2EFF5D87-402D-48DA-B075-D7CDBE275DD8}.Release|x64.Build.0 = Release|Any CPU
		{2EFF5D87-402D-48DA-B075-D7CDBE275DD8}.Release|x86.ActiveCfg = Release|Any CPU
		{2EFF5D87-402D-48DA-B075-D7CDBE275DD8}.Release|x86.Build.0 = Release|Any CPU
		{65C39232-3C4C-4944-8E94-B24A447B7E69}.Debug|Any CPU.ActiveCfg = Debug|Any CPU
		{65C39232-3C4C-4944-8E94-B24A447B7E69}.Debug|Any CPU.Build.0 = Debug|Any CPU
		{65C39232-3C4C-4944-8E94-B24A447B7E69}.Debug|x64.ActiveCfg = Debug|Any CPU
		{65C39232-3C4C-4944-8E94-B24A447B7E69}.Debug|x64.Build.0 = Debug|Any CPU
		{65C39232-3C4C-4944-8E94-B24A447B7E69}.Debug|x86.ActiveCfg = Debug|Any CPU
		{65C39232-3C4C-4944-8E94-B24A447B7E69}.Debug|x86.Build.0 = Debug|Any CPU
		{65C39232-3C4C-4944-8E94-B24A447B7E69}.Release|Any CPU.ActiveCfg = Release|Any CPU
		{65C39232-3C4C-4944-8E94-B24A447B7E69}.Release|Any CPU.Build.0 = Release|Any CPU
		{65C39232-3C4C-4944-8E94-B24A447B7E69}.Release|x64.ActiveCfg = Release|Any CPU
		{65C39232-3C4C-4944-8E94-B24A447B7E69}.Release|x64.Build.0 = Release|Any CPU
		{65C39232-3C4C-4944-8E94-B24A447B7E69}.Release|x86.ActiveCfg = Release|Any CPU
		{65C39232-3C4C-4944-8E94-B24A447B7E69}.Release|x86.Build.0 = Release|Any CPU
		{3A037F58-D2DC-4636-BC48-47F09C6566E4}.Debug|Any CPU.ActiveCfg = Debug|Any CPU
		{3A037F58-D2DC-4636-BC48-47F09C6566E4}.Debug|Any CPU.Build.0 = Debug|Any CPU
		{3A037F58-D2DC-4636-BC48-47F09C6566E4}.Debug|x64.ActiveCfg = Debug|Any CPU
		{3A037F58-D2DC-4636-BC48-47F09C6566E4}.Debug|x64.Build.0 = Debug|Any CPU
		{3A037F58-D2DC-4636-BC48-47F09C6566E4}.Debug|x86.ActiveCfg = Debug|Any CPU
		{3A037F58-D2DC-4636-BC48-47F09C6566E4}.Debug|x86.Build.0 = Debug|Any CPU
		{3A037F58-D2DC-4636-BC48-47F09C6566E4}.Release|Any CPU.ActiveCfg = Release|Any CPU
		{3A037F58-D2DC-4636-BC48-47F09C6566E4}.Release|Any CPU.Build.0 = Release|Any CPU
		{3A037F58-D2DC-4636-BC48-47F09C6566E4}.Release|x64.ActiveCfg = Release|Any CPU
		{3A037F58-D2DC-4636-BC48-47F09C6566E4}.Release|x64.Build.0 = Release|Any CPU
		{3A037F58-D2DC-4636-BC48-47F09C6566E4}.Release|x86.ActiveCfg = Release|Any CPU
		{3A037F58-D2DC-4636-BC48-47F09C6566E4}.Release|x86.Build.0 = Release|Any CPU
		{8FED1866-79FC-46BB-9172-F417A2B8A3B7}.Debug|Any CPU.ActiveCfg = Debug|Any CPU
		{8FED1866-79FC-46BB-9172-F417A2B8A3B7}.Debug|Any CPU.Build.0 = Debug|Any CPU
		{8FED1866-79FC-46BB-9172-F417A2B8A3B7}.Debug|x64.ActiveCfg = Debug|Any CPU
		{8FED1866-79FC-46BB-9172-F417A2B8A3B7}.Debug|x64.Build.0 = Debug|Any CPU
		{8FED1866-79FC-46BB-9172-F417A2B8A3B7}.Debug|x86.ActiveCfg = Debug|Any CPU
		{8FED1866-79FC-46BB-9172-F417A2B8A3B7}.Debug|x86.Build.0 = Debug|Any CPU
		{8FED1866-79FC-46BB-9172-F417A2B8A3B7}.Release|Any CPU.ActiveCfg = Release|Any CPU
		{8FED1866-79FC-46BB-9172-F417A2B8A3B7}.Release|Any CPU.Build.0 = Release|Any CPU
		{8FED1866-79FC-46BB-9172-F417A2B8A3B7}.Release|x64.ActiveCfg = Release|Any CPU
		{8FED1866-79FC-46BB-9172-F417A2B8A3B7}.Release|x64.Build.0 = Release|Any CPU
		{8FED1866-79FC-46BB-9172-F417A2B8A3B7}.Release|x86.ActiveCfg = Release|Any CPU
		{8FED1866-79FC-46BB-9172-F417A2B8A3B7}.Release|x86.Build.0 = Release|Any CPU
		{C7041F43-346A-4D75-865B-672221B2DC86}.Debug|Any CPU.ActiveCfg = Debug|Any CPU
		{C7041F43-346A-4D75-865B-672221B2DC86}.Debug|Any CPU.Build.0 = Debug|Any CPU
		{C7041F43-346A-4D75-865B-672221B2DC86}.Debug|x64.ActiveCfg = Debug|Any CPU
		{C7041F43-346A-4D75-865B-672221B2DC86}.Debug|x64.Build.0 = Debug|Any CPU
		{C7041F43-346A-4D75-865B-672221B2DC86}.Debug|x86.ActiveCfg = Debug|Any CPU
		{C7041F43-346A-4D75-865B-672221B2DC86}.Debug|x86.Build.0 = Debug|Any CPU
		{C7041F43-346A-4D75-865B-672221B2DC86}.Release|Any CPU.ActiveCfg = Release|Any CPU
		{C7041F43-346A-4D75-865B-672221B2DC86}.Release|Any CPU.Build.0 = Release|Any CPU
		{C7041F43-346A-4D75-865B-672221B2DC86}.Release|x64.ActiveCfg = Release|Any CPU
		{C7041F43-346A-4D75-865B-672221B2DC86}.Release|x64.Build.0 = Release|Any CPU
		{C7041F43-346A-4D75-865B-672221B2DC86}.Release|x86.ActiveCfg = Release|Any CPU
		{C7041F43-346A-4D75-865B-672221B2DC86}.Release|x86.Build.0 = Release|Any CPU
		{69E205BD-218D-4E8F-995D-23DACA31D653}.Debug|Any CPU.ActiveCfg = Debug|Any CPU
		{69E205BD-218D-4E8F-995D-23DACA31D653}.Debug|Any CPU.Build.0 = Debug|Any CPU
		{69E205BD-218D-4E8F-995D-23DACA31D653}.Debug|x64.ActiveCfg = Debug|Any CPU
		{69E205BD-218D-4E8F-995D-23DACA31D653}.Debug|x64.Build.0 = Debug|Any CPU
		{69E205BD-218D-4E8F-995D-23DACA31D653}.Debug|x86.ActiveCfg = Debug|Any CPU
		{69E205BD-218D-4E8F-995D-23DACA31D653}.Debug|x86.Build.0 = Debug|Any CPU
		{69E205BD-218D-4E8F-995D-23DACA31D653}.Release|Any CPU.ActiveCfg = Release|Any CPU
		{69E205BD-218D-4E8F-995D-23DACA31D653}.Release|Any CPU.Build.0 = Release|Any CPU
		{69E205BD-218D-4E8F-995D-23DACA31D653}.Release|x64.ActiveCfg = Release|Any CPU
		{69E205BD-218D-4E8F-995D-23DACA31D653}.Release|x64.Build.0 = Release|Any CPU
		{69E205BD-218D-4E8F-995D-23DACA31D653}.Release|x86.ActiveCfg = Release|Any CPU
		{69E205BD-218D-4E8F-995D-23DACA31D653}.Release|x86.Build.0 = Release|Any CPU
	EndGlobalSection
	GlobalSection(SolutionProperties) = preSolution
		HideSolutionNode = FALSE
	EndGlobalSection
	GlobalSection(ExtensibilityGlobals) = postSolution
		SolutionGuid = {E2785EB1-1CEF-47F7-A35D-2C8C78834469}
	EndGlobalSection
EndGlobal
