
Microsoft Visual Studio Solution File, Format Version 12.00
# Visual Studio 15
VisualStudioVersion = 15.0.27428.2027
MinimumVisualStudioVersion = 10.0.40219.1
Project("{2150E333-8FDC-42A3-9474-1A3956D46DE8}") = "Solution Items", "Solution Items", "{75599E13-1A1C-4F6F-81CD-59377FBD4C8F}"
	ProjectSection(SolutionItems) = preProject
		LICENSE = LICENSE
		README.md = README.md
	EndProjectSection
EndProject
Project("{9A19103F-16F7-4668-BE54-9A1E7A4F7556}") = "Pixel3D.Common", "src\Pixel3D.Common\Pixel3D.Common.csproj", "{9B9C8DE1-4E24-4E53-8F79-14370E3096DC}"
EndProject
Project("{FAE04EC0-301F-11D3-BF4B-00C04F79EFBC}") = "Pixel3D.MonoGame.Windows", "src\Pixel3D.MonoGame.Windows\Pixel3D.MonoGame.Windows.csproj", "{6008F957-F6C1-449B-81EC-0494F9964B73}"
EndProject
Project("{FAE04EC0-301F-11D3-BF4B-00C04F79EFBC}") = "Pixel3D.MonoGame.DesktopGL", "src\Pixel3D.MonoGame.DesktopGL\Pixel3D.MonoGame.DesktopGL.csproj", "{9A86875F-663A-4FC4-8A58-E1B6C3593BE7}"
EndProject
Project("{2150E333-8FDC-42A3-9474-1A3956D46DE8}") = "Platform", "Platform", "{31193A28-1C8F-4ED6-8C07-1620FB9700C9}"
EndProject
Project("{9A19103F-16F7-4668-BE54-9A1E7A4F7556}") = "Pixel3D.AssetManagement", "src\Pixel3D.AssetManagement\Pixel3D.AssetManagement.csproj", "{8ECCF271-977E-4B73-8078-007224B109AF}"
EndProject
Project("{9A19103F-16F7-4668-BE54-9A1E7A4F7556}") = "Pixel3D.Audio", "src\Pixel3D.Audio\Pixel3D.Audio.csproj", "{0ED22717-290B-40FA-8CEA-451D7E0191CA}"
EndProject
Project("{9A19103F-16F7-4668-BE54-9A1E7A4F7556}") = "Pixel3D.Editing", "src\Pixel3D.Editing\Pixel3D.Editing.csproj", "{8DA07AF9-8E9B-44F0-B5AE-D54586A56301}"
EndProject
Project("{9A19103F-16F7-4668-BE54-9A1E7A4F7556}") = "Pixel3D.Levels", "src\Pixel3D.Levels\Pixel3D.Levels.csproj", "{6C002B18-4C52-4D1A-88BB-08DB4E69D64F}"
EndProject
Project("{9A19103F-16F7-4668-BE54-9A1E7A4F7556}") = "Pixel3D.LoopRecorder", "src\Pixel3D.LoopRecorder\Pixel3D.LoopRecorder.csproj", "{1C68EE6A-8F3B-4ECD-8A24-DD4D52124413}"
EndProject
Project("{9A19103F-16F7-4668-BE54-9A1E7A4F7556}") = "Pixel3D.Navigation", "src\Pixel3D.Navigation\Pixel3D.Navigation.csproj", "{3E2AEAC1-D696-4CAE-962F-D2F4055AA444}"
EndProject
Project("{9A19103F-16F7-4668-BE54-9A1E7A4F7556}") = "Pixel3D.Serialization", "src\Pixel3D.Serialization\Pixel3D.Serialization.csproj", "{F2737BA3-BF4C-432A-9FCA-F361050BF81F}"
EndProject
Project("{9A19103F-16F7-4668-BE54-9A1E7A4F7556}") = "Pixel3D.Serialization.Support", "src\Pixel3D.Serialization.Support\Pixel3D.Serialization.Support.csproj", "{7E59742E-AB8A-499D-8831-C54158DD5203}"
EndProject
Project("{9A19103F-16F7-4668-BE54-9A1E7A4F7556}") = "Pixel3D.StateManagement", "src\Pixel3D.StateManagement\Pixel3D.StateManagement.csproj", "{69B06A40-F427-4982-A8A4-F2E140EFBD33}"
EndProject
Project("{9A19103F-16F7-4668-BE54-9A1E7A4F7556}") = "Pixel3D.Strings", "src\Pixel3D.Strings\Pixel3D.Strings.csproj", "{42AC1036-5969-40A5-A5BF-49A5DDEE71A7}"
EndProject
Project("{9A19103F-16F7-4668-BE54-9A1E7A4F7556}") = "Pixel3D.UI", "src\Pixel3D.UI\Pixel3D.UI.csproj", "{10153EC1-9FD5-44A6-A6A5-D771EAF12E64}"
EndProject
Project("{9A19103F-16F7-4668-BE54-9A1E7A4F7556}") = "Pixel3D.ActorManagement", "src\Pixel3D.ActorManagement\Pixel3D.ActorManagement.csproj", "{FCAE6C6A-CD88-4FF9-BAFE-BCD6C0634BE5}"
EndProject
Global
	GlobalSection(SolutionConfigurationPlatforms) = preSolution
		Ad-Hoc|Any CPU = Ad-Hoc|Any CPU
		Ad-Hoc|iPhone = Ad-Hoc|iPhone
		Ad-Hoc|iPhoneSimulator = Ad-Hoc|iPhoneSimulator
		Ad-Hoc|x64 = Ad-Hoc|x64
		Ad-Hoc|x86 = Ad-Hoc|x86
		AppStore|Any CPU = AppStore|Any CPU
		AppStore|iPhone = AppStore|iPhone
		AppStore|iPhoneSimulator = AppStore|iPhoneSimulator
		AppStore|x64 = AppStore|x64
		AppStore|x86 = AppStore|x86
		Debug|Any CPU = Debug|Any CPU
		Debug|iPhone = Debug|iPhone
		Debug|iPhoneSimulator = Debug|iPhoneSimulator
		Debug|x64 = Debug|x64
		Debug|x86 = Debug|x86
		Release|Any CPU = Release|Any CPU
		Release|iPhone = Release|iPhone
		Release|iPhoneSimulator = Release|iPhoneSimulator
		Release|x64 = Release|x64
		Release|x86 = Release|x86
	EndGlobalSection
	GlobalSection(ProjectConfigurationPlatforms) = postSolution
		{9B9C8DE1-4E24-4E53-8F79-14370E3096DC}.Ad-Hoc|Any CPU.ActiveCfg = Release|Any CPU
		{9B9C8DE1-4E24-4E53-8F79-14370E3096DC}.Ad-Hoc|Any CPU.Build.0 = Release|Any CPU
		{9B9C8DE1-4E24-4E53-8F79-14370E3096DC}.Ad-Hoc|iPhone.ActiveCfg = Release|Any CPU
		{9B9C8DE1-4E24-4E53-8F79-14370E3096DC}.Ad-Hoc|iPhone.Build.0 = Release|Any CPU
		{9B9C8DE1-4E24-4E53-8F79-14370E3096DC}.Ad-Hoc|iPhoneSimulator.ActiveCfg = Release|Any CPU
		{9B9C8DE1-4E24-4E53-8F79-14370E3096DC}.Ad-Hoc|iPhoneSimulator.Build.0 = Release|Any CPU
		{9B9C8DE1-4E24-4E53-8F79-14370E3096DC}.Ad-Hoc|x64.ActiveCfg = Release|Any CPU
		{9B9C8DE1-4E24-4E53-8F79-14370E3096DC}.Ad-Hoc|x64.Build.0 = Release|Any CPU
		{9B9C8DE1-4E24-4E53-8F79-14370E3096DC}.Ad-Hoc|x86.ActiveCfg = Release|Any CPU
		{9B9C8DE1-4E24-4E53-8F79-14370E3096DC}.Ad-Hoc|x86.Build.0 = Release|Any CPU
		{9B9C8DE1-4E24-4E53-8F79-14370E3096DC}.AppStore|Any CPU.ActiveCfg = Release|Any CPU
		{9B9C8DE1-4E24-4E53-8F79-14370E3096DC}.AppStore|Any CPU.Build.0 = Release|Any CPU
		{9B9C8DE1-4E24-4E53-8F79-14370E3096DC}.AppStore|iPhone.ActiveCfg = Release|Any CPU
		{9B9C8DE1-4E24-4E53-8F79-14370E3096DC}.AppStore|iPhone.Build.0 = Release|Any CPU
		{9B9C8DE1-4E24-4E53-8F79-14370E3096DC}.AppStore|iPhoneSimulator.ActiveCfg = Release|Any CPU
		{9B9C8DE1-4E24-4E53-8F79-14370E3096DC}.AppStore|iPhoneSimulator.Build.0 = Release|Any CPU
		{9B9C8DE1-4E24-4E53-8F79-14370E3096DC}.AppStore|x64.ActiveCfg = Release|Any CPU
		{9B9C8DE1-4E24-4E53-8F79-14370E3096DC}.AppStore|x64.Build.0 = Release|Any CPU
		{9B9C8DE1-4E24-4E53-8F79-14370E3096DC}.AppStore|x86.ActiveCfg = Release|Any CPU
		{9B9C8DE1-4E24-4E53-8F79-14370E3096DC}.AppStore|x86.Build.0 = Release|Any CPU
		{9B9C8DE1-4E24-4E53-8F79-14370E3096DC}.Debug|Any CPU.ActiveCfg = Debug|Any CPU
		{9B9C8DE1-4E24-4E53-8F79-14370E3096DC}.Debug|Any CPU.Build.0 = Debug|Any CPU
		{9B9C8DE1-4E24-4E53-8F79-14370E3096DC}.Debug|iPhone.ActiveCfg = Debug|Any CPU
		{9B9C8DE1-4E24-4E53-8F79-14370E3096DC}.Debug|iPhone.Build.0 = Debug|Any CPU
		{9B9C8DE1-4E24-4E53-8F79-14370E3096DC}.Debug|iPhoneSimulator.ActiveCfg = Debug|Any CPU
		{9B9C8DE1-4E24-4E53-8F79-14370E3096DC}.Debug|iPhoneSimulator.Build.0 = Debug|Any CPU
		{9B9C8DE1-4E24-4E53-8F79-14370E3096DC}.Debug|x64.ActiveCfg = Debug|Any CPU
		{9B9C8DE1-4E24-4E53-8F79-14370E3096DC}.Debug|x64.Build.0 = Debug|Any CPU
		{9B9C8DE1-4E24-4E53-8F79-14370E3096DC}.Debug|x86.ActiveCfg = Debug|Any CPU
		{9B9C8DE1-4E24-4E53-8F79-14370E3096DC}.Debug|x86.Build.0 = Debug|Any CPU
		{9B9C8DE1-4E24-4E53-8F79-14370E3096DC}.Release|Any CPU.ActiveCfg = Release|Any CPU
		{9B9C8DE1-4E24-4E53-8F79-14370E3096DC}.Release|Any CPU.Build.0 = Release|Any CPU
		{9B9C8DE1-4E24-4E53-8F79-14370E3096DC}.Release|iPhone.ActiveCfg = Release|Any CPU
		{9B9C8DE1-4E24-4E53-8F79-14370E3096DC}.Release|iPhone.Build.0 = Release|Any CPU
		{9B9C8DE1-4E24-4E53-8F79-14370E3096DC}.Release|iPhoneSimulator.ActiveCfg = Release|Any CPU
		{9B9C8DE1-4E24-4E53-8F79-14370E3096DC}.Release|iPhoneSimulator.Build.0 = Release|Any CPU
		{9B9C8DE1-4E24-4E53-8F79-14370E3096DC}.Release|x64.ActiveCfg = Release|Any CPU
		{9B9C8DE1-4E24-4E53-8F79-14370E3096DC}.Release|x64.Build.0 = Release|Any CPU
		{9B9C8DE1-4E24-4E53-8F79-14370E3096DC}.Release|x86.ActiveCfg = Release|Any CPU
		{9B9C8DE1-4E24-4E53-8F79-14370E3096DC}.Release|x86.Build.0 = Release|Any CPU
		{6008F957-F6C1-449B-81EC-0494F9964B73}.Ad-Hoc|Any CPU.ActiveCfg = Release|x86
		{6008F957-F6C1-449B-81EC-0494F9964B73}.Ad-Hoc|Any CPU.Build.0 = Release|x86
		{6008F957-F6C1-449B-81EC-0494F9964B73}.Ad-Hoc|iPhone.ActiveCfg = Release|x86
		{6008F957-F6C1-449B-81EC-0494F9964B73}.Ad-Hoc|iPhone.Build.0 = Release|x86
		{6008F957-F6C1-449B-81EC-0494F9964B73}.Ad-Hoc|iPhoneSimulator.ActiveCfg = Release|x86
		{6008F957-F6C1-449B-81EC-0494F9964B73}.Ad-Hoc|iPhoneSimulator.Build.0 = Release|x86
		{6008F957-F6C1-449B-81EC-0494F9964B73}.Ad-Hoc|x64.ActiveCfg = Release|x86
		{6008F957-F6C1-449B-81EC-0494F9964B73}.Ad-Hoc|x64.Build.0 = Release|x86
		{6008F957-F6C1-449B-81EC-0494F9964B73}.Ad-Hoc|x86.ActiveCfg = Release|x86
		{6008F957-F6C1-449B-81EC-0494F9964B73}.Ad-Hoc|x86.Build.0 = Release|x86
		{6008F957-F6C1-449B-81EC-0494F9964B73}.AppStore|Any CPU.ActiveCfg = Release|x86
		{6008F957-F6C1-449B-81EC-0494F9964B73}.AppStore|Any CPU.Build.0 = Release|x86
		{6008F957-F6C1-449B-81EC-0494F9964B73}.AppStore|iPhone.ActiveCfg = Release|x86
		{6008F957-F6C1-449B-81EC-0494F9964B73}.AppStore|iPhone.Build.0 = Release|x86
		{6008F957-F6C1-449B-81EC-0494F9964B73}.AppStore|iPhoneSimulator.ActiveCfg = Release|x86
		{6008F957-F6C1-449B-81EC-0494F9964B73}.AppStore|iPhoneSimulator.Build.0 = Release|x86
		{6008F957-F6C1-449B-81EC-0494F9964B73}.AppStore|x64.ActiveCfg = Release|x86
		{6008F957-F6C1-449B-81EC-0494F9964B73}.AppStore|x64.Build.0 = Release|x86
		{6008F957-F6C1-449B-81EC-0494F9964B73}.AppStore|x86.ActiveCfg = Release|x86
		{6008F957-F6C1-449B-81EC-0494F9964B73}.AppStore|x86.Build.0 = Release|x86
		{6008F957-F6C1-449B-81EC-0494F9964B73}.Debug|Any CPU.ActiveCfg = Debug|x86
		{6008F957-F6C1-449B-81EC-0494F9964B73}.Debug|iPhone.ActiveCfg = Debug|x86
		{6008F957-F6C1-449B-81EC-0494F9964B73}.Debug|iPhoneSimulator.ActiveCfg = Debug|x86
		{6008F957-F6C1-449B-81EC-0494F9964B73}.Debug|x64.ActiveCfg = Debug|x86
		{6008F957-F6C1-449B-81EC-0494F9964B73}.Debug|x86.ActiveCfg = Debug|x86
		{6008F957-F6C1-449B-81EC-0494F9964B73}.Debug|x86.Build.0 = Debug|x86
		{6008F957-F6C1-449B-81EC-0494F9964B73}.Release|Any CPU.ActiveCfg = Release|x86
		{6008F957-F6C1-449B-81EC-0494F9964B73}.Release|iPhone.ActiveCfg = Release|x86
		{6008F957-F6C1-449B-81EC-0494F9964B73}.Release|iPhoneSimulator.ActiveCfg = Release|x86
		{6008F957-F6C1-449B-81EC-0494F9964B73}.Release|x64.ActiveCfg = Release|x86
		{6008F957-F6C1-449B-81EC-0494F9964B73}.Release|x86.ActiveCfg = Release|x86
		{6008F957-F6C1-449B-81EC-0494F9964B73}.Release|x86.Build.0 = Release|x86
		{9A86875F-663A-4FC4-8A58-E1B6C3593BE7}.Ad-Hoc|Any CPU.ActiveCfg = Release|Any CPU
		{9A86875F-663A-4FC4-8A58-E1B6C3593BE7}.Ad-Hoc|Any CPU.Build.0 = Release|Any CPU
		{9A86875F-663A-4FC4-8A58-E1B6C3593BE7}.Ad-Hoc|iPhone.ActiveCfg = Release|Any CPU
		{9A86875F-663A-4FC4-8A58-E1B6C3593BE7}.Ad-Hoc|iPhone.Build.0 = Release|Any CPU
		{9A86875F-663A-4FC4-8A58-E1B6C3593BE7}.Ad-Hoc|iPhoneSimulator.ActiveCfg = Release|Any CPU
		{9A86875F-663A-4FC4-8A58-E1B6C3593BE7}.Ad-Hoc|iPhoneSimulator.Build.0 = Release|Any CPU
		{9A86875F-663A-4FC4-8A58-E1B6C3593BE7}.Ad-Hoc|x64.ActiveCfg = Release|Any CPU
		{9A86875F-663A-4FC4-8A58-E1B6C3593BE7}.Ad-Hoc|x64.Build.0 = Release|Any CPU
		{9A86875F-663A-4FC4-8A58-E1B6C3593BE7}.Ad-Hoc|x86.ActiveCfg = Release|Any CPU
		{9A86875F-663A-4FC4-8A58-E1B6C3593BE7}.Ad-Hoc|x86.Build.0 = Release|Any CPU
		{9A86875F-663A-4FC4-8A58-E1B6C3593BE7}.AppStore|Any CPU.ActiveCfg = Release|Any CPU
		{9A86875F-663A-4FC4-8A58-E1B6C3593BE7}.AppStore|Any CPU.Build.0 = Release|Any CPU
		{9A86875F-663A-4FC4-8A58-E1B6C3593BE7}.AppStore|iPhone.ActiveCfg = Release|Any CPU
		{9A86875F-663A-4FC4-8A58-E1B6C3593BE7}.AppStore|iPhone.Build.0 = Release|Any CPU
		{9A86875F-663A-4FC4-8A58-E1B6C3593BE7}.AppStore|iPhoneSimulator.ActiveCfg = Release|Any CPU
		{9A86875F-663A-4FC4-8A58-E1B6C3593BE7}.AppStore|iPhoneSimulator.Build.0 = Release|Any CPU
		{9A86875F-663A-4FC4-8A58-E1B6C3593BE7}.AppStore|x64.ActiveCfg = Release|Any CPU
		{9A86875F-663A-4FC4-8A58-E1B6C3593BE7}.AppStore|x64.Build.0 = Release|Any CPU
		{9A86875F-663A-4FC4-8A58-E1B6C3593BE7}.AppStore|x86.ActiveCfg = Release|Any CPU
		{9A86875F-663A-4FC4-8A58-E1B6C3593BE7}.AppStore|x86.Build.0 = Release|Any CPU
		{9A86875F-663A-4FC4-8A58-E1B6C3593BE7}.Debug|Any CPU.ActiveCfg = Debug|Any CPU
		{9A86875F-663A-4FC4-8A58-E1B6C3593BE7}.Debug|Any CPU.Build.0 = Debug|Any CPU
		{9A86875F-663A-4FC4-8A58-E1B6C3593BE7}.Debug|iPhone.ActiveCfg = Debug|Any CPU
		{9A86875F-663A-4FC4-8A58-E1B6C3593BE7}.Debug|iPhone.Build.0 = Debug|Any CPU
		{9A86875F-663A-4FC4-8A58-E1B6C3593BE7}.Debug|iPhoneSimulator.ActiveCfg = Debug|Any CPU
		{9A86875F-663A-4FC4-8A58-E1B6C3593BE7}.Debug|iPhoneSimulator.Build.0 = Debug|Any CPU
		{9A86875F-663A-4FC4-8A58-E1B6C3593BE7}.Debug|x64.ActiveCfg = Debug|Any CPU
		{9A86875F-663A-4FC4-8A58-E1B6C3593BE7}.Debug|x64.Build.0 = Debug|Any CPU
		{9A86875F-663A-4FC4-8A58-E1B6C3593BE7}.Debug|x86.ActiveCfg = Debug|Any CPU
		{9A86875F-663A-4FC4-8A58-E1B6C3593BE7}.Debug|x86.Build.0 = Debug|Any CPU
		{9A86875F-663A-4FC4-8A58-E1B6C3593BE7}.Release|Any CPU.ActiveCfg = Release|Any CPU
		{9A86875F-663A-4FC4-8A58-E1B6C3593BE7}.Release|Any CPU.Build.0 = Release|Any CPU
		{9A86875F-663A-4FC4-8A58-E1B6C3593BE7}.Release|iPhone.ActiveCfg = Release|Any CPU
		{9A86875F-663A-4FC4-8A58-E1B6C3593BE7}.Release|iPhone.Build.0 = Release|Any CPU
		{9A86875F-663A-4FC4-8A58-E1B6C3593BE7}.Release|iPhoneSimulator.ActiveCfg = Release|Any CPU
		{9A86875F-663A-4FC4-8A58-E1B6C3593BE7}.Release|iPhoneSimulator.Build.0 = Release|Any CPU
		{9A86875F-663A-4FC4-8A58-E1B6C3593BE7}.Release|x64.ActiveCfg = Release|Any CPU
		{9A86875F-663A-4FC4-8A58-E1B6C3593BE7}.Release|x64.Build.0 = Release|Any CPU
		{9A86875F-663A-4FC4-8A58-E1B6C3593BE7}.Release|x86.ActiveCfg = Release|Any CPU
		{9A86875F-663A-4FC4-8A58-E1B6C3593BE7}.Release|x86.Build.0 = Release|Any CPU
		{8ECCF271-977E-4B73-8078-007224B109AF}.Ad-Hoc|Any CPU.ActiveCfg = Release|Any CPU
		{8ECCF271-977E-4B73-8078-007224B109AF}.Ad-Hoc|Any CPU.Build.0 = Release|Any CPU
		{8ECCF271-977E-4B73-8078-007224B109AF}.Ad-Hoc|iPhone.ActiveCfg = Release|Any CPU
		{8ECCF271-977E-4B73-8078-007224B109AF}.Ad-Hoc|iPhone.Build.0 = Release|Any CPU
		{8ECCF271-977E-4B73-8078-007224B109AF}.Ad-Hoc|iPhoneSimulator.ActiveCfg = Release|Any CPU
		{8ECCF271-977E-4B73-8078-007224B109AF}.Ad-Hoc|iPhoneSimulator.Build.0 = Release|Any CPU
		{8ECCF271-977E-4B73-8078-007224B109AF}.Ad-Hoc|x64.ActiveCfg = Release|Any CPU
		{8ECCF271-977E-4B73-8078-007224B109AF}.Ad-Hoc|x64.Build.0 = Release|Any CPU
		{8ECCF271-977E-4B73-8078-007224B109AF}.Ad-Hoc|x86.ActiveCfg = Release|Any CPU
		{8ECCF271-977E-4B73-8078-007224B109AF}.Ad-Hoc|x86.Build.0 = Release|Any CPU
		{8ECCF271-977E-4B73-8078-007224B109AF}.AppStore|Any CPU.ActiveCfg = Release|Any CPU
		{8ECCF271-977E-4B73-8078-007224B109AF}.AppStore|Any CPU.Build.0 = Release|Any CPU
		{8ECCF271-977E-4B73-8078-007224B109AF}.AppStore|iPhone.ActiveCfg = Release|Any CPU
		{8ECCF271-977E-4B73-8078-007224B109AF}.AppStore|iPhone.Build.0 = Release|Any CPU
		{8ECCF271-977E-4B73-8078-007224B109AF}.AppStore|iPhoneSimulator.ActiveCfg = Release|Any CPU
		{8ECCF271-977E-4B73-8078-007224B109AF}.AppStore|iPhoneSimulator.Build.0 = Release|Any CPU
		{8ECCF271-977E-4B73-8078-007224B109AF}.AppStore|x64.ActiveCfg = Release|Any CPU
		{8ECCF271-977E-4B73-8078-007224B109AF}.AppStore|x64.Build.0 = Release|Any CPU
		{8ECCF271-977E-4B73-8078-007224B109AF}.AppStore|x86.ActiveCfg = Release|Any CPU
		{8ECCF271-977E-4B73-8078-007224B109AF}.AppStore|x86.Build.0 = Release|Any CPU
		{8ECCF271-977E-4B73-8078-007224B109AF}.Debug|Any CPU.ActiveCfg = Debug|Any CPU
		{8ECCF271-977E-4B73-8078-007224B109AF}.Debug|Any CPU.Build.0 = Debug|Any CPU
		{8ECCF271-977E-4B73-8078-007224B109AF}.Debug|iPhone.ActiveCfg = Debug|Any CPU
		{8ECCF271-977E-4B73-8078-007224B109AF}.Debug|iPhone.Build.0 = Debug|Any CPU
		{8ECCF271-977E-4B73-8078-007224B109AF}.Debug|iPhoneSimulator.ActiveCfg = Debug|Any CPU
		{8ECCF271-977E-4B73-8078-007224B109AF}.Debug|iPhoneSimulator.Build.0 = Debug|Any CPU
		{8ECCF271-977E-4B73-8078-007224B109AF}.Debug|x64.ActiveCfg = Debug|Any CPU
		{8ECCF271-977E-4B73-8078-007224B109AF}.Debug|x64.Build.0 = Debug|Any CPU
		{8ECCF271-977E-4B73-8078-007224B109AF}.Debug|x86.ActiveCfg = Debug|Any CPU
		{8ECCF271-977E-4B73-8078-007224B109AF}.Debug|x86.Build.0 = Debug|Any CPU
		{8ECCF271-977E-4B73-8078-007224B109AF}.Release|Any CPU.ActiveCfg = Release|Any CPU
		{8ECCF271-977E-4B73-8078-007224B109AF}.Release|Any CPU.Build.0 = Release|Any CPU
		{8ECCF271-977E-4B73-8078-007224B109AF}.Release|iPhone.ActiveCfg = Release|Any CPU
		{8ECCF271-977E-4B73-8078-007224B109AF}.Release|iPhone.Build.0 = Release|Any CPU
		{8ECCF271-977E-4B73-8078-007224B109AF}.Release|iPhoneSimulator.ActiveCfg = Release|Any CPU
		{8ECCF271-977E-4B73-8078-007224B109AF}.Release|iPhoneSimulator.Build.0 = Release|Any CPU
		{8ECCF271-977E-4B73-8078-007224B109AF}.Release|x64.ActiveCfg = Release|Any CPU
		{8ECCF271-977E-4B73-8078-007224B109AF}.Release|x64.Build.0 = Release|Any CPU
		{8ECCF271-977E-4B73-8078-007224B109AF}.Release|x86.ActiveCfg = Release|Any CPU
		{8ECCF271-977E-4B73-8078-007224B109AF}.Release|x86.Build.0 = Release|Any CPU
		{0ED22717-290B-40FA-8CEA-451D7E0191CA}.Ad-Hoc|Any CPU.ActiveCfg = Release|Any CPU
		{0ED22717-290B-40FA-8CEA-451D7E0191CA}.Ad-Hoc|Any CPU.Build.0 = Release|Any CPU
		{0ED22717-290B-40FA-8CEA-451D7E0191CA}.Ad-Hoc|iPhone.ActiveCfg = Release|Any CPU
		{0ED22717-290B-40FA-8CEA-451D7E0191CA}.Ad-Hoc|iPhone.Build.0 = Release|Any CPU
		{0ED22717-290B-40FA-8CEA-451D7E0191CA}.Ad-Hoc|iPhoneSimulator.ActiveCfg = Release|Any CPU
		{0ED22717-290B-40FA-8CEA-451D7E0191CA}.Ad-Hoc|iPhoneSimulator.Build.0 = Release|Any CPU
		{0ED22717-290B-40FA-8CEA-451D7E0191CA}.Ad-Hoc|x64.ActiveCfg = Release|Any CPU
		{0ED22717-290B-40FA-8CEA-451D7E0191CA}.Ad-Hoc|x64.Build.0 = Release|Any CPU
		{0ED22717-290B-40FA-8CEA-451D7E0191CA}.Ad-Hoc|x86.ActiveCfg = Release|Any CPU
		{0ED22717-290B-40FA-8CEA-451D7E0191CA}.Ad-Hoc|x86.Build.0 = Release|Any CPU
		{0ED22717-290B-40FA-8CEA-451D7E0191CA}.AppStore|Any CPU.ActiveCfg = Release|Any CPU
		{0ED22717-290B-40FA-8CEA-451D7E0191CA}.AppStore|Any CPU.Build.0 = Release|Any CPU
		{0ED22717-290B-40FA-8CEA-451D7E0191CA}.AppStore|iPhone.ActiveCfg = Release|Any CPU
		{0ED22717-290B-40FA-8CEA-451D7E0191CA}.AppStore|iPhone.Build.0 = Release|Any CPU
		{0ED22717-290B-40FA-8CEA-451D7E0191CA}.AppStore|iPhoneSimulator.ActiveCfg = Release|Any CPU
		{0ED22717-290B-40FA-8CEA-451D7E0191CA}.AppStore|iPhoneSimulator.Build.0 = Release|Any CPU
		{0ED22717-290B-40FA-8CEA-451D7E0191CA}.AppStore|x64.ActiveCfg = Release|Any CPU
		{0ED22717-290B-40FA-8CEA-451D7E0191CA}.AppStore|x64.Build.0 = Release|Any CPU
		{0ED22717-290B-40FA-8CEA-451D7E0191CA}.AppStore|x86.ActiveCfg = Release|Any CPU
		{0ED22717-290B-40FA-8CEA-451D7E0191CA}.AppStore|x86.Build.0 = Release|Any CPU
		{0ED22717-290B-40FA-8CEA-451D7E0191CA}.Debug|Any CPU.ActiveCfg = Debug|Any CPU
		{0ED22717-290B-40FA-8CEA-451D7E0191CA}.Debug|Any CPU.Build.0 = Debug|Any CPU
		{0ED22717-290B-40FA-8CEA-451D7E0191CA}.Debug|iPhone.ActiveCfg = Debug|Any CPU
		{0ED22717-290B-40FA-8CEA-451D7E0191CA}.Debug|iPhone.Build.0 = Debug|Any CPU
		{0ED22717-290B-40FA-8CEA-451D7E0191CA}.Debug|iPhoneSimulator.ActiveCfg = Debug|Any CPU
		{0ED22717-290B-40FA-8CEA-451D7E0191CA}.Debug|iPhoneSimulator.Build.0 = Debug|Any CPU
		{0ED22717-290B-40FA-8CEA-451D7E0191CA}.Debug|x64.ActiveCfg = Debug|Any CPU
		{0ED22717-290B-40FA-8CEA-451D7E0191CA}.Debug|x64.Build.0 = Debug|Any CPU
		{0ED22717-290B-40FA-8CEA-451D7E0191CA}.Debug|x86.ActiveCfg = Debug|Any CPU
		{0ED22717-290B-40FA-8CEA-451D7E0191CA}.Debug|x86.Build.0 = Debug|Any CPU
		{0ED22717-290B-40FA-8CEA-451D7E0191CA}.Release|Any CPU.ActiveCfg = Release|Any CPU
		{0ED22717-290B-40FA-8CEA-451D7E0191CA}.Release|Any CPU.Build.0 = Release|Any CPU
		{0ED22717-290B-40FA-8CEA-451D7E0191CA}.Release|iPhone.ActiveCfg = Release|Any CPU
		{0ED22717-290B-40FA-8CEA-451D7E0191CA}.Release|iPhone.Build.0 = Release|Any CPU
		{0ED22717-290B-40FA-8CEA-451D7E0191CA}.Release|iPhoneSimulator.ActiveCfg = Release|Any CPU
		{0ED22717-290B-40FA-8CEA-451D7E0191CA}.Release|iPhoneSimulator.Build.0 = Release|Any CPU
		{0ED22717-290B-40FA-8CEA-451D7E0191CA}.Release|x64.ActiveCfg = Release|Any CPU
		{0ED22717-290B-40FA-8CEA-451D7E0191CA}.Release|x64.Build.0 = Release|Any CPU
		{0ED22717-290B-40FA-8CEA-451D7E0191CA}.Release|x86.ActiveCfg = Release|Any CPU
		{0ED22717-290B-40FA-8CEA-451D7E0191CA}.Release|x86.Build.0 = Release|Any CPU
		{8DA07AF9-8E9B-44F0-B5AE-D54586A56301}.Ad-Hoc|Any CPU.ActiveCfg = Release|Any CPU
		{8DA07AF9-8E9B-44F0-B5AE-D54586A56301}.Ad-Hoc|Any CPU.Build.0 = Release|Any CPU
		{8DA07AF9-8E9B-44F0-B5AE-D54586A56301}.Ad-Hoc|iPhone.ActiveCfg = Release|Any CPU
		{8DA07AF9-8E9B-44F0-B5AE-D54586A56301}.Ad-Hoc|iPhone.Build.0 = Release|Any CPU
		{8DA07AF9-8E9B-44F0-B5AE-D54586A56301}.Ad-Hoc|iPhoneSimulator.ActiveCfg = Release|Any CPU
		{8DA07AF9-8E9B-44F0-B5AE-D54586A56301}.Ad-Hoc|iPhoneSimulator.Build.0 = Release|Any CPU
		{8DA07AF9-8E9B-44F0-B5AE-D54586A56301}.Ad-Hoc|x64.ActiveCfg = Release|Any CPU
		{8DA07AF9-8E9B-44F0-B5AE-D54586A56301}.Ad-Hoc|x64.Build.0 = Release|Any CPU
		{8DA07AF9-8E9B-44F0-B5AE-D54586A56301}.Ad-Hoc|x86.ActiveCfg = Release|Any CPU
		{8DA07AF9-8E9B-44F0-B5AE-D54586A56301}.Ad-Hoc|x86.Build.0 = Release|Any CPU
		{8DA07AF9-8E9B-44F0-B5AE-D54586A56301}.AppStore|Any CPU.ActiveCfg = Release|Any CPU
		{8DA07AF9-8E9B-44F0-B5AE-D54586A56301}.AppStore|Any CPU.Build.0 = Release|Any CPU
		{8DA07AF9-8E9B-44F0-B5AE-D54586A56301}.AppStore|iPhone.ActiveCfg = Release|Any CPU
		{8DA07AF9-8E9B-44F0-B5AE-D54586A56301}.AppStore|iPhone.Build.0 = Release|Any CPU
		{8DA07AF9-8E9B-44F0-B5AE-D54586A56301}.AppStore|iPhoneSimulator.ActiveCfg = Release|Any CPU
		{8DA07AF9-8E9B-44F0-B5AE-D54586A56301}.AppStore|iPhoneSimulator.Build.0 = Release|Any CPU
		{8DA07AF9-8E9B-44F0-B5AE-D54586A56301}.AppStore|x64.ActiveCfg = Release|Any CPU
		{8DA07AF9-8E9B-44F0-B5AE-D54586A56301}.AppStore|x64.Build.0 = Release|Any CPU
		{8DA07AF9-8E9B-44F0-B5AE-D54586A56301}.AppStore|x86.ActiveCfg = Release|Any CPU
		{8DA07AF9-8E9B-44F0-B5AE-D54586A56301}.AppStore|x86.Build.0 = Release|Any CPU
		{8DA07AF9-8E9B-44F0-B5AE-D54586A56301}.Debug|Any CPU.ActiveCfg = Debug|Any CPU
		{8DA07AF9-8E9B-44F0-B5AE-D54586A56301}.Debug|Any CPU.Build.0 = Debug|Any CPU
		{8DA07AF9-8E9B-44F0-B5AE-D54586A56301}.Debug|iPhone.ActiveCfg = Debug|Any CPU
		{8DA07AF9-8E9B-44F0-B5AE-D54586A56301}.Debug|iPhone.Build.0 = Debug|Any CPU
		{8DA07AF9-8E9B-44F0-B5AE-D54586A56301}.Debug|iPhoneSimulator.ActiveCfg = Debug|Any CPU
		{8DA07AF9-8E9B-44F0-B5AE-D54586A56301}.Debug|iPhoneSimulator.Build.0 = Debug|Any CPU
		{8DA07AF9-8E9B-44F0-B5AE-D54586A56301}.Debug|x64.ActiveCfg = Debug|Any CPU
		{8DA07AF9-8E9B-44F0-B5AE-D54586A56301}.Debug|x64.Build.0 = Debug|Any CPU
		{8DA07AF9-8E9B-44F0-B5AE-D54586A56301}.Debug|x86.ActiveCfg = Debug|Any CPU
		{8DA07AF9-8E9B-44F0-B5AE-D54586A56301}.Debug|x86.Build.0 = Debug|Any CPU
		{8DA07AF9-8E9B-44F0-B5AE-D54586A56301}.Release|Any CPU.ActiveCfg = Release|Any CPU
		{8DA07AF9-8E9B-44F0-B5AE-D54586A56301}.Release|Any CPU.Build.0 = Release|Any CPU
		{8DA07AF9-8E9B-44F0-B5AE-D54586A56301}.Release|iPhone.ActiveCfg = Release|Any CPU
		{8DA07AF9-8E9B-44F0-B5AE-D54586A56301}.Release|iPhone.Build.0 = Release|Any CPU
		{8DA07AF9-8E9B-44F0-B5AE-D54586A56301}.Release|iPhoneSimulator.ActiveCfg = Release|Any CPU
		{8DA07AF9-8E9B-44F0-B5AE-D54586A56301}.Release|iPhoneSimulator.Build.0 = Release|Any CPU
		{8DA07AF9-8E9B-44F0-B5AE-D54586A56301}.Release|x64.ActiveCfg = Release|Any CPU
		{8DA07AF9-8E9B-44F0-B5AE-D54586A56301}.Release|x64.Build.0 = Release|Any CPU
		{8DA07AF9-8E9B-44F0-B5AE-D54586A56301}.Release|x86.ActiveCfg = Release|Any CPU
		{8DA07AF9-8E9B-44F0-B5AE-D54586A56301}.Release|x86.Build.0 = Release|Any CPU
		{6C002B18-4C52-4D1A-88BB-08DB4E69D64F}.Ad-Hoc|Any CPU.ActiveCfg = Release|Any CPU
		{6C002B18-4C52-4D1A-88BB-08DB4E69D64F}.Ad-Hoc|Any CPU.Build.0 = Release|Any CPU
		{6C002B18-4C52-4D1A-88BB-08DB4E69D64F}.Ad-Hoc|iPhone.ActiveCfg = Release|Any CPU
		{6C002B18-4C52-4D1A-88BB-08DB4E69D64F}.Ad-Hoc|iPhone.Build.0 = Release|Any CPU
		{6C002B18-4C52-4D1A-88BB-08DB4E69D64F}.Ad-Hoc|iPhoneSimulator.ActiveCfg = Release|Any CPU
		{6C002B18-4C52-4D1A-88BB-08DB4E69D64F}.Ad-Hoc|iPhoneSimulator.Build.0 = Release|Any CPU
		{6C002B18-4C52-4D1A-88BB-08DB4E69D64F}.Ad-Hoc|x64.ActiveCfg = Release|Any CPU
		{6C002B18-4C52-4D1A-88BB-08DB4E69D64F}.Ad-Hoc|x64.Build.0 = Release|Any CPU
		{6C002B18-4C52-4D1A-88BB-08DB4E69D64F}.Ad-Hoc|x86.ActiveCfg = Release|Any CPU
		{6C002B18-4C52-4D1A-88BB-08DB4E69D64F}.Ad-Hoc|x86.Build.0 = Release|Any CPU
		{6C002B18-4C52-4D1A-88BB-08DB4E69D64F}.AppStore|Any CPU.ActiveCfg = Release|Any CPU
		{6C002B18-4C52-4D1A-88BB-08DB4E69D64F}.AppStore|Any CPU.Build.0 = Release|Any CPU
		{6C002B18-4C52-4D1A-88BB-08DB4E69D64F}.AppStore|iPhone.ActiveCfg = Release|Any CPU
		{6C002B18-4C52-4D1A-88BB-08DB4E69D64F}.AppStore|iPhone.Build.0 = Release|Any CPU
		{6C002B18-4C52-4D1A-88BB-08DB4E69D64F}.AppStore|iPhoneSimulator.ActiveCfg = Release|Any CPU
		{6C002B18-4C52-4D1A-88BB-08DB4E69D64F}.AppStore|iPhoneSimulator.Build.0 = Release|Any CPU
		{6C002B18-4C52-4D1A-88BB-08DB4E69D64F}.AppStore|x64.ActiveCfg = Release|Any CPU
		{6C002B18-4C52-4D1A-88BB-08DB4E69D64F}.AppStore|x64.Build.0 = Release|Any CPU
		{6C002B18-4C52-4D1A-88BB-08DB4E69D64F}.AppStore|x86.ActiveCfg = Release|Any CPU
		{6C002B18-4C52-4D1A-88BB-08DB4E69D64F}.AppStore|x86.Build.0 = Release|Any CPU
		{6C002B18-4C52-4D1A-88BB-08DB4E69D64F}.Debug|Any CPU.ActiveCfg = Debug|Any CPU
		{6C002B18-4C52-4D1A-88BB-08DB4E69D64F}.Debug|Any CPU.Build.0 = Debug|Any CPU
		{6C002B18-4C52-4D1A-88BB-08DB4E69D64F}.Debug|iPhone.ActiveCfg = Debug|Any CPU
		{6C002B18-4C52-4D1A-88BB-08DB4E69D64F}.Debug|iPhone.Build.0 = Debug|Any CPU
		{6C002B18-4C52-4D1A-88BB-08DB4E69D64F}.Debug|iPhoneSimulator.ActiveCfg = Debug|Any CPU
		{6C002B18-4C52-4D1A-88BB-08DB4E69D64F}.Debug|iPhoneSimulator.Build.0 = Debug|Any CPU
		{6C002B18-4C52-4D1A-88BB-08DB4E69D64F}.Debug|x64.ActiveCfg = Debug|Any CPU
		{6C002B18-4C52-4D1A-88BB-08DB4E69D64F}.Debug|x64.Build.0 = Debug|Any CPU
		{6C002B18-4C52-4D1A-88BB-08DB4E69D64F}.Debug|x86.ActiveCfg = Debug|Any CPU
		{6C002B18-4C52-4D1A-88BB-08DB4E69D64F}.Debug|x86.Build.0 = Debug|Any CPU
		{6C002B18-4C52-4D1A-88BB-08DB4E69D64F}.Release|Any CPU.ActiveCfg = Release|Any CPU
		{6C002B18-4C52-4D1A-88BB-08DB4E69D64F}.Release|Any CPU.Build.0 = Release|Any CPU
		{6C002B18-4C52-4D1A-88BB-08DB4E69D64F}.Release|iPhone.ActiveCfg = Release|Any CPU
		{6C002B18-4C52-4D1A-88BB-08DB4E69D64F}.Release|iPhone.Build.0 = Release|Any CPU
		{6C002B18-4C52-4D1A-88BB-08DB4E69D64F}.Release|iPhoneSimulator.ActiveCfg = Release|Any CPU
		{6C002B18-4C52-4D1A-88BB-08DB4E69D64F}.Release|iPhoneSimulator.Build.0 = Release|Any CPU
		{6C002B18-4C52-4D1A-88BB-08DB4E69D64F}.Release|x64.ActiveCfg = Release|Any CPU
		{6C002B18-4C52-4D1A-88BB-08DB4E69D64F}.Release|x64.Build.0 = Release|Any CPU
		{6C002B18-4C52-4D1A-88BB-08DB4E69D64F}.Release|x86.ActiveCfg = Release|Any CPU
		{6C002B18-4C52-4D1A-88BB-08DB4E69D64F}.Release|x86.Build.0 = Release|Any CPU
		{1C68EE6A-8F3B-4ECD-8A24-DD4D52124413}.Ad-Hoc|Any CPU.ActiveCfg = Release|Any CPU
		{1C68EE6A-8F3B-4ECD-8A24-DD4D52124413}.Ad-Hoc|Any CPU.Build.0 = Release|Any CPU
		{1C68EE6A-8F3B-4ECD-8A24-DD4D52124413}.Ad-Hoc|iPhone.ActiveCfg = Release|Any CPU
		{1C68EE6A-8F3B-4ECD-8A24-DD4D52124413}.Ad-Hoc|iPhone.Build.0 = Release|Any CPU
		{1C68EE6A-8F3B-4ECD-8A24-DD4D52124413}.Ad-Hoc|iPhoneSimulator.ActiveCfg = Release|Any CPU
		{1C68EE6A-8F3B-4ECD-8A24-DD4D52124413}.Ad-Hoc|iPhoneSimulator.Build.0 = Release|Any CPU
		{1C68EE6A-8F3B-4ECD-8A24-DD4D52124413}.Ad-Hoc|x64.ActiveCfg = Release|Any CPU
		{1C68EE6A-8F3B-4ECD-8A24-DD4D52124413}.Ad-Hoc|x64.Build.0 = Release|Any CPU
		{1C68EE6A-8F3B-4ECD-8A24-DD4D52124413}.Ad-Hoc|x86.ActiveCfg = Release|Any CPU
		{1C68EE6A-8F3B-4ECD-8A24-DD4D52124413}.Ad-Hoc|x86.Build.0 = Release|Any CPU
		{1C68EE6A-8F3B-4ECD-8A24-DD4D52124413}.AppStore|Any CPU.ActiveCfg = Release|Any CPU
		{1C68EE6A-8F3B-4ECD-8A24-DD4D52124413}.AppStore|Any CPU.Build.0 = Release|Any CPU
		{1C68EE6A-8F3B-4ECD-8A24-DD4D52124413}.AppStore|iPhone.ActiveCfg = Release|Any CPU
		{1C68EE6A-8F3B-4ECD-8A24-DD4D52124413}.AppStore|iPhone.Build.0 = Release|Any CPU
		{1C68EE6A-8F3B-4ECD-8A24-DD4D52124413}.AppStore|iPhoneSimulator.ActiveCfg = Release|Any CPU
		{1C68EE6A-8F3B-4ECD-8A24-DD4D52124413}.AppStore|iPhoneSimulator.Build.0 = Release|Any CPU
		{1C68EE6A-8F3B-4ECD-8A24-DD4D52124413}.AppStore|x64.ActiveCfg = Release|Any CPU
		{1C68EE6A-8F3B-4ECD-8A24-DD4D52124413}.AppStore|x64.Build.0 = Release|Any CPU
		{1C68EE6A-8F3B-4ECD-8A24-DD4D52124413}.AppStore|x86.ActiveCfg = Release|Any CPU
		{1C68EE6A-8F3B-4ECD-8A24-DD4D52124413}.AppStore|x86.Build.0 = Release|Any CPU
		{1C68EE6A-8F3B-4ECD-8A24-DD4D52124413}.Debug|Any CPU.ActiveCfg = Debug|Any CPU
		{1C68EE6A-8F3B-4ECD-8A24-DD4D52124413}.Debug|Any CPU.Build.0 = Debug|Any CPU
		{1C68EE6A-8F3B-4ECD-8A24-DD4D52124413}.Debug|iPhone.ActiveCfg = Debug|Any CPU
		{1C68EE6A-8F3B-4ECD-8A24-DD4D52124413}.Debug|iPhone.Build.0 = Debug|Any CPU
		{1C68EE6A-8F3B-4ECD-8A24-DD4D52124413}.Debug|iPhoneSimulator.ActiveCfg = Debug|Any CPU
		{1C68EE6A-8F3B-4ECD-8A24-DD4D52124413}.Debug|iPhoneSimulator.Build.0 = Debug|Any CPU
		{1C68EE6A-8F3B-4ECD-8A24-DD4D52124413}.Debug|x64.ActiveCfg = Debug|Any CPU
		{1C68EE6A-8F3B-4ECD-8A24-DD4D52124413}.Debug|x64.Build.0 = Debug|Any CPU
		{1C68EE6A-8F3B-4ECD-8A24-DD4D52124413}.Debug|x86.ActiveCfg = Debug|Any CPU
		{1C68EE6A-8F3B-4ECD-8A24-DD4D52124413}.Debug|x86.Build.0 = Debug|Any CPU
		{1C68EE6A-8F3B-4ECD-8A24-DD4D52124413}.Release|Any CPU.ActiveCfg = Release|Any CPU
		{1C68EE6A-8F3B-4ECD-8A24-DD4D52124413}.Release|Any CPU.Build.0 = Release|Any CPU
		{1C68EE6A-8F3B-4ECD-8A24-DD4D52124413}.Release|iPhone.ActiveCfg = Release|Any CPU
		{1C68EE6A-8F3B-4ECD-8A24-DD4D52124413}.Release|iPhone.Build.0 = Release|Any CPU
		{1C68EE6A-8F3B-4ECD-8A24-DD4D52124413}.Release|iPhoneSimulator.ActiveCfg = Release|Any CPU
		{1C68EE6A-8F3B-4ECD-8A24-DD4D52124413}.Release|iPhoneSimulator.Build.0 = Release|Any CPU
		{1C68EE6A-8F3B-4ECD-8A24-DD4D52124413}.Release|x64.ActiveCfg = Release|Any CPU
		{1C68EE6A-8F3B-4ECD-8A24-DD4D52124413}.Release|x64.Build.0 = Release|Any CPU
		{1C68EE6A-8F3B-4ECD-8A24-DD4D52124413}.Release|x86.ActiveCfg = Release|Any CPU
		{1C68EE6A-8F3B-4ECD-8A24-DD4D52124413}.Release|x86.Build.0 = Release|Any CPU
		{3E2AEAC1-D696-4CAE-962F-D2F4055AA444}.Ad-Hoc|Any CPU.ActiveCfg = Release|Any CPU
		{3E2AEAC1-D696-4CAE-962F-D2F4055AA444}.Ad-Hoc|Any CPU.Build.0 = Release|Any CPU
		{3E2AEAC1-D696-4CAE-962F-D2F4055AA444}.Ad-Hoc|iPhone.ActiveCfg = Release|Any CPU
		{3E2AEAC1-D696-4CAE-962F-D2F4055AA444}.Ad-Hoc|iPhone.Build.0 = Release|Any CPU
		{3E2AEAC1-D696-4CAE-962F-D2F4055AA444}.Ad-Hoc|iPhoneSimulator.ActiveCfg = Release|Any CPU
		{3E2AEAC1-D696-4CAE-962F-D2F4055AA444}.Ad-Hoc|iPhoneSimulator.Build.0 = Release|Any CPU
		{3E2AEAC1-D696-4CAE-962F-D2F4055AA444}.Ad-Hoc|x64.ActiveCfg = Release|Any CPU
		{3E2AEAC1-D696-4CAE-962F-D2F4055AA444}.Ad-Hoc|x64.Build.0 = Release|Any CPU
		{3E2AEAC1-D696-4CAE-962F-D2F4055AA444}.Ad-Hoc|x86.ActiveCfg = Release|Any CPU
		{3E2AEAC1-D696-4CAE-962F-D2F4055AA444}.Ad-Hoc|x86.Build.0 = Release|Any CPU
		{3E2AEAC1-D696-4CAE-962F-D2F4055AA444}.AppStore|Any CPU.ActiveCfg = Release|Any CPU
		{3E2AEAC1-D696-4CAE-962F-D2F4055AA444}.AppStore|Any CPU.Build.0 = Release|Any CPU
		{3E2AEAC1-D696-4CAE-962F-D2F4055AA444}.AppStore|iPhone.ActiveCfg = Release|Any CPU
		{3E2AEAC1-D696-4CAE-962F-D2F4055AA444}.AppStore|iPhone.Build.0 = Release|Any CPU
		{3E2AEAC1-D696-4CAE-962F-D2F4055AA444}.AppStore|iPhoneSimulator.ActiveCfg = Release|Any CPU
		{3E2AEAC1-D696-4CAE-962F-D2F4055AA444}.AppStore|iPhoneSimulator.Build.0 = Release|Any CPU
		{3E2AEAC1-D696-4CAE-962F-D2F4055AA444}.AppStore|x64.ActiveCfg = Release|Any CPU
		{3E2AEAC1-D696-4CAE-962F-D2F4055AA444}.AppStore|x64.Build.0 = Release|Any CPU
		{3E2AEAC1-D696-4CAE-962F-D2F4055AA444}.AppStore|x86.ActiveCfg = Release|Any CPU
		{3E2AEAC1-D696-4CAE-962F-D2F4055AA444}.AppStore|x86.Build.0 = Release|Any CPU
		{3E2AEAC1-D696-4CAE-962F-D2F4055AA444}.Debug|Any CPU.ActiveCfg = Debug|Any CPU
		{3E2AEAC1-D696-4CAE-962F-D2F4055AA444}.Debug|Any CPU.Build.0 = Debug|Any CPU
		{3E2AEAC1-D696-4CAE-962F-D2F4055AA444}.Debug|iPhone.ActiveCfg = Debug|Any CPU
		{3E2AEAC1-D696-4CAE-962F-D2F4055AA444}.Debug|iPhone.Build.0 = Debug|Any CPU
		{3E2AEAC1-D696-4CAE-962F-D2F4055AA444}.Debug|iPhoneSimulator.ActiveCfg = Debug|Any CPU
		{3E2AEAC1-D696-4CAE-962F-D2F4055AA444}.Debug|iPhoneSimulator.Build.0 = Debug|Any CPU
		{3E2AEAC1-D696-4CAE-962F-D2F4055AA444}.Debug|x64.ActiveCfg = Debug|Any CPU
		{3E2AEAC1-D696-4CAE-962F-D2F4055AA444}.Debug|x64.Build.0 = Debug|Any CPU
		{3E2AEAC1-D696-4CAE-962F-D2F4055AA444}.Debug|x86.ActiveCfg = Debug|Any CPU
		{3E2AEAC1-D696-4CAE-962F-D2F4055AA444}.Debug|x86.Build.0 = Debug|Any CPU
		{3E2AEAC1-D696-4CAE-962F-D2F4055AA444}.Release|Any CPU.ActiveCfg = Release|Any CPU
		{3E2AEAC1-D696-4CAE-962F-D2F4055AA444}.Release|Any CPU.Build.0 = Release|Any CPU
		{3E2AEAC1-D696-4CAE-962F-D2F4055AA444}.Release|iPhone.ActiveCfg = Release|Any CPU
		{3E2AEAC1-D696-4CAE-962F-D2F4055AA444}.Release|iPhone.Build.0 = Release|Any CPU
		{3E2AEAC1-D696-4CAE-962F-D2F4055AA444}.Release|iPhoneSimulator.ActiveCfg = Release|Any CPU
		{3E2AEAC1-D696-4CAE-962F-D2F4055AA444}.Release|iPhoneSimulator.Build.0 = Release|Any CPU
		{3E2AEAC1-D696-4CAE-962F-D2F4055AA444}.Release|x64.ActiveCfg = Release|Any CPU
		{3E2AEAC1-D696-4CAE-962F-D2F4055AA444}.Release|x64.Build.0 = Release|Any CPU
		{3E2AEAC1-D696-4CAE-962F-D2F4055AA444}.Release|x86.ActiveCfg = Release|Any CPU
		{3E2AEAC1-D696-4CAE-962F-D2F4055AA444}.Release|x86.Build.0 = Release|Any CPU
		{F2737BA3-BF4C-432A-9FCA-F361050BF81F}.Ad-Hoc|Any CPU.ActiveCfg = Release|Any CPU
		{F2737BA3-BF4C-432A-9FCA-F361050BF81F}.Ad-Hoc|Any CPU.Build.0 = Release|Any CPU
		{F2737BA3-BF4C-432A-9FCA-F361050BF81F}.Ad-Hoc|iPhone.ActiveCfg = Release|Any CPU
		{F2737BA3-BF4C-432A-9FCA-F361050BF81F}.Ad-Hoc|iPhone.Build.0 = Release|Any CPU
		{F2737BA3-BF4C-432A-9FCA-F361050BF81F}.Ad-Hoc|iPhoneSimulator.ActiveCfg = Release|Any CPU
		{F2737BA3-BF4C-432A-9FCA-F361050BF81F}.Ad-Hoc|iPhoneSimulator.Build.0 = Release|Any CPU
		{F2737BA3-BF4C-432A-9FCA-F361050BF81F}.Ad-Hoc|x64.ActiveCfg = Release|Any CPU
		{F2737BA3-BF4C-432A-9FCA-F361050BF81F}.Ad-Hoc|x64.Build.0 = Release|Any CPU
		{F2737BA3-BF4C-432A-9FCA-F361050BF81F}.Ad-Hoc|x86.ActiveCfg = Release|Any CPU
		{F2737BA3-BF4C-432A-9FCA-F361050BF81F}.Ad-Hoc|x86.Build.0 = Release|Any CPU
		{F2737BA3-BF4C-432A-9FCA-F361050BF81F}.AppStore|Any CPU.ActiveCfg = Release|Any CPU
		{F2737BA3-BF4C-432A-9FCA-F361050BF81F}.AppStore|Any CPU.Build.0 = Release|Any CPU
		{F2737BA3-BF4C-432A-9FCA-F361050BF81F}.AppStore|iPhone.ActiveCfg = Release|Any CPU
		{F2737BA3-BF4C-432A-9FCA-F361050BF81F}.AppStore|iPhone.Build.0 = Release|Any CPU
		{F2737BA3-BF4C-432A-9FCA-F361050BF81F}.AppStore|iPhoneSimulator.ActiveCfg = Release|Any CPU
		{F2737BA3-BF4C-432A-9FCA-F361050BF81F}.AppStore|iPhoneSimulator.Build.0 = Release|Any CPU
		{F2737BA3-BF4C-432A-9FCA-F361050BF81F}.AppStore|x64.ActiveCfg = Release|Any CPU
		{F2737BA3-BF4C-432A-9FCA-F361050BF81F}.AppStore|x64.Build.0 = Release|Any CPU
		{F2737BA3-BF4C-432A-9FCA-F361050BF81F}.AppStore|x86.ActiveCfg = Release|Any CPU
		{F2737BA3-BF4C-432A-9FCA-F361050BF81F}.AppStore|x86.Build.0 = Release|Any CPU
		{F2737BA3-BF4C-432A-9FCA-F361050BF81F}.Debug|Any CPU.ActiveCfg = Debug|Any CPU
		{F2737BA3-BF4C-432A-9FCA-F361050BF81F}.Debug|Any CPU.Build.0 = Debug|Any CPU
		{F2737BA3-BF4C-432A-9FCA-F361050BF81F}.Debug|iPhone.ActiveCfg = Debug|Any CPU
		{F2737BA3-BF4C-432A-9FCA-F361050BF81F}.Debug|iPhone.Build.0 = Debug|Any CPU
		{F2737BA3-BF4C-432A-9FCA-F361050BF81F}.Debug|iPhoneSimulator.ActiveCfg = Debug|Any CPU
		{F2737BA3-BF4C-432A-9FCA-F361050BF81F}.Debug|iPhoneSimulator.Build.0 = Debug|Any CPU
		{F2737BA3-BF4C-432A-9FCA-F361050BF81F}.Debug|x64.ActiveCfg = Debug|Any CPU
		{F2737BA3-BF4C-432A-9FCA-F361050BF81F}.Debug|x64.Build.0 = Debug|Any CPU
		{F2737BA3-BF4C-432A-9FCA-F361050BF81F}.Debug|x86.ActiveCfg = Debug|Any CPU
		{F2737BA3-BF4C-432A-9FCA-F361050BF81F}.Debug|x86.Build.0 = Debug|Any CPU
		{F2737BA3-BF4C-432A-9FCA-F361050BF81F}.Release|Any CPU.ActiveCfg = Release|Any CPU
		{F2737BA3-BF4C-432A-9FCA-F361050BF81F}.Release|Any CPU.Build.0 = Release|Any CPU
		{F2737BA3-BF4C-432A-9FCA-F361050BF81F}.Release|iPhone.ActiveCfg = Release|Any CPU
		{F2737BA3-BF4C-432A-9FCA-F361050BF81F}.Release|iPhone.Build.0 = Release|Any CPU
		{F2737BA3-BF4C-432A-9FCA-F361050BF81F}.Release|iPhoneSimulator.ActiveCfg = Release|Any CPU
		{F2737BA3-BF4C-432A-9FCA-F361050BF81F}.Release|iPhoneSimulator.Build.0 = Release|Any CPU
		{F2737BA3-BF4C-432A-9FCA-F361050BF81F}.Release|x64.ActiveCfg = Release|Any CPU
		{F2737BA3-BF4C-432A-9FCA-F361050BF81F}.Release|x64.Build.0 = Release|Any CPU
		{F2737BA3-BF4C-432A-9FCA-F361050BF81F}.Release|x86.ActiveCfg = Release|Any CPU
		{F2737BA3-BF4C-432A-9FCA-F361050BF81F}.Release|x86.Build.0 = Release|Any CPU
		{7E59742E-AB8A-499D-8831-C54158DD5203}.Ad-Hoc|Any CPU.ActiveCfg = Release|Any CPU
		{7E59742E-AB8A-499D-8831-C54158DD5203}.Ad-Hoc|Any CPU.Build.0 = Release|Any CPU
		{7E59742E-AB8A-499D-8831-C54158DD5203}.Ad-Hoc|iPhone.ActiveCfg = Release|Any CPU
		{7E59742E-AB8A-499D-8831-C54158DD5203}.Ad-Hoc|iPhone.Build.0 = Release|Any CPU
		{7E59742E-AB8A-499D-8831-C54158DD5203}.Ad-Hoc|iPhoneSimulator.ActiveCfg = Release|Any CPU
		{7E59742E-AB8A-499D-8831-C54158DD5203}.Ad-Hoc|iPhoneSimulator.Build.0 = Release|Any CPU
		{7E59742E-AB8A-499D-8831-C54158DD5203}.Ad-Hoc|x64.ActiveCfg = Release|Any CPU
		{7E59742E-AB8A-499D-8831-C54158DD5203}.Ad-Hoc|x64.Build.0 = Release|Any CPU
		{7E59742E-AB8A-499D-8831-C54158DD5203}.Ad-Hoc|x86.ActiveCfg = Release|Any CPU
		{7E59742E-AB8A-499D-8831-C54158DD5203}.Ad-Hoc|x86.Build.0 = Release|Any CPU
		{7E59742E-AB8A-499D-8831-C54158DD5203}.AppStore|Any CPU.ActiveCfg = Release|Any CPU
		{7E59742E-AB8A-499D-8831-C54158DD5203}.AppStore|Any CPU.Build.0 = Release|Any CPU
		{7E59742E-AB8A-499D-8831-C54158DD5203}.AppStore|iPhone.ActiveCfg = Release|Any CPU
		{7E59742E-AB8A-499D-8831-C54158DD5203}.AppStore|iPhone.Build.0 = Release|Any CPU
		{7E59742E-AB8A-499D-8831-C54158DD5203}.AppStore|iPhoneSimulator.ActiveCfg = Release|Any CPU
		{7E59742E-AB8A-499D-8831-C54158DD5203}.AppStore|iPhoneSimulator.Build.0 = Release|Any CPU
		{7E59742E-AB8A-499D-8831-C54158DD5203}.AppStore|x64.ActiveCfg = Release|Any CPU
		{7E59742E-AB8A-499D-8831-C54158DD5203}.AppStore|x64.Build.0 = Release|Any CPU
		{7E59742E-AB8A-499D-8831-C54158DD5203}.AppStore|x86.ActiveCfg = Release|Any CPU
		{7E59742E-AB8A-499D-8831-C54158DD5203}.AppStore|x86.Build.0 = Release|Any CPU
		{7E59742E-AB8A-499D-8831-C54158DD5203}.Debug|Any CPU.ActiveCfg = Debug|Any CPU
		{7E59742E-AB8A-499D-8831-C54158DD5203}.Debug|Any CPU.Build.0 = Debug|Any CPU
		{7E59742E-AB8A-499D-8831-C54158DD5203}.Debug|iPhone.ActiveCfg = Debug|Any CPU
		{7E59742E-AB8A-499D-8831-C54158DD5203}.Debug|iPhone.Build.0 = Debug|Any CPU
		{7E59742E-AB8A-499D-8831-C54158DD5203}.Debug|iPhoneSimulator.ActiveCfg = Debug|Any CPU
		{7E59742E-AB8A-499D-8831-C54158DD5203}.Debug|iPhoneSimulator.Build.0 = Debug|Any CPU
		{7E59742E-AB8A-499D-8831-C54158DD5203}.Debug|x64.ActiveCfg = Debug|Any CPU
		{7E59742E-AB8A-499D-8831-C54158DD5203}.Debug|x64.Build.0 = Debug|Any CPU
		{7E59742E-AB8A-499D-8831-C54158DD5203}.Debug|x86.ActiveCfg = Debug|Any CPU
		{7E59742E-AB8A-499D-8831-C54158DD5203}.Debug|x86.Build.0 = Debug|Any CPU
		{7E59742E-AB8A-499D-8831-C54158DD5203}.Release|Any CPU.ActiveCfg = Release|Any CPU
		{7E59742E-AB8A-499D-8831-C54158DD5203}.Release|Any CPU.Build.0 = Release|Any CPU
		{7E59742E-AB8A-499D-8831-C54158DD5203}.Release|iPhone.ActiveCfg = Release|Any CPU
		{7E59742E-AB8A-499D-8831-C54158DD5203}.Release|iPhone.Build.0 = Release|Any CPU
		{7E59742E-AB8A-499D-8831-C54158DD5203}.Release|iPhoneSimulator.ActiveCfg = Release|Any CPU
		{7E59742E-AB8A-499D-8831-C54158DD5203}.Release|iPhoneSimulator.Build.0 = Release|Any CPU
		{7E59742E-AB8A-499D-8831-C54158DD5203}.Release|x64.ActiveCfg = Release|Any CPU
		{7E59742E-AB8A-499D-8831-C54158DD5203}.Release|x64.Build.0 = Release|Any CPU
		{7E59742E-AB8A-499D-8831-C54158DD5203}.Release|x86.ActiveCfg = Release|Any CPU
		{7E59742E-AB8A-499D-8831-C54158DD5203}.Release|x86.Build.0 = Release|Any CPU
		{69B06A40-F427-4982-A8A4-F2E140EFBD33}.Ad-Hoc|Any CPU.ActiveCfg = Release|Any CPU
		{69B06A40-F427-4982-A8A4-F2E140EFBD33}.Ad-Hoc|Any CPU.Build.0 = Release|Any CPU
		{69B06A40-F427-4982-A8A4-F2E140EFBD33}.Ad-Hoc|iPhone.ActiveCfg = Release|Any CPU
		{69B06A40-F427-4982-A8A4-F2E140EFBD33}.Ad-Hoc|iPhone.Build.0 = Release|Any CPU
		{69B06A40-F427-4982-A8A4-F2E140EFBD33}.Ad-Hoc|iPhoneSimulator.ActiveCfg = Release|Any CPU
		{69B06A40-F427-4982-A8A4-F2E140EFBD33}.Ad-Hoc|iPhoneSimulator.Build.0 = Release|Any CPU
		{69B06A40-F427-4982-A8A4-F2E140EFBD33}.Ad-Hoc|x64.ActiveCfg = Release|Any CPU
		{69B06A40-F427-4982-A8A4-F2E140EFBD33}.Ad-Hoc|x64.Build.0 = Release|Any CPU
		{69B06A40-F427-4982-A8A4-F2E140EFBD33}.Ad-Hoc|x86.ActiveCfg = Release|Any CPU
		{69B06A40-F427-4982-A8A4-F2E140EFBD33}.Ad-Hoc|x86.Build.0 = Release|Any CPU
		{69B06A40-F427-4982-A8A4-F2E140EFBD33}.AppStore|Any CPU.ActiveCfg = Release|Any CPU
		{69B06A40-F427-4982-A8A4-F2E140EFBD33}.AppStore|Any CPU.Build.0 = Release|Any CPU
		{69B06A40-F427-4982-A8A4-F2E140EFBD33}.AppStore|iPhone.ActiveCfg = Release|Any CPU
		{69B06A40-F427-4982-A8A4-F2E140EFBD33}.AppStore|iPhone.Build.0 = Release|Any CPU
		{69B06A40-F427-4982-A8A4-F2E140EFBD33}.AppStore|iPhoneSimulator.ActiveCfg = Release|Any CPU
		{69B06A40-F427-4982-A8A4-F2E140EFBD33}.AppStore|iPhoneSimulator.Build.0 = Release|Any CPU
		{69B06A40-F427-4982-A8A4-F2E140EFBD33}.AppStore|x64.ActiveCfg = Release|Any CPU
		{69B06A40-F427-4982-A8A4-F2E140EFBD33}.AppStore|x64.Build.0 = Release|Any CPU
		{69B06A40-F427-4982-A8A4-F2E140EFBD33}.AppStore|x86.ActiveCfg = Release|Any CPU
		{69B06A40-F427-4982-A8A4-F2E140EFBD33}.AppStore|x86.Build.0 = Release|Any CPU
		{69B06A40-F427-4982-A8A4-F2E140EFBD33}.Debug|Any CPU.ActiveCfg = Debug|Any CPU
		{69B06A40-F427-4982-A8A4-F2E140EFBD33}.Debug|Any CPU.Build.0 = Debug|Any CPU
		{69B06A40-F427-4982-A8A4-F2E140EFBD33}.Debug|iPhone.ActiveCfg = Debug|Any CPU
		{69B06A40-F427-4982-A8A4-F2E140EFBD33}.Debug|iPhone.Build.0 = Debug|Any CPU
		{69B06A40-F427-4982-A8A4-F2E140EFBD33}.Debug|iPhoneSimulator.ActiveCfg = Debug|Any CPU
		{69B06A40-F427-4982-A8A4-F2E140EFBD33}.Debug|iPhoneSimulator.Build.0 = Debug|Any CPU
		{69B06A40-F427-4982-A8A4-F2E140EFBD33}.Debug|x64.ActiveCfg = Debug|Any CPU
		{69B06A40-F427-4982-A8A4-F2E140EFBD33}.Debug|x64.Build.0 = Debug|Any CPU
		{69B06A40-F427-4982-A8A4-F2E140EFBD33}.Debug|x86.ActiveCfg = Debug|Any CPU
		{69B06A40-F427-4982-A8A4-F2E140EFBD33}.Debug|x86.Build.0 = Debug|Any CPU
		{69B06A40-F427-4982-A8A4-F2E140EFBD33}.Release|Any CPU.ActiveCfg = Release|Any CPU
		{69B06A40-F427-4982-A8A4-F2E140EFBD33}.Release|Any CPU.Build.0 = Release|Any CPU
		{69B06A40-F427-4982-A8A4-F2E140EFBD33}.Release|iPhone.ActiveCfg = Release|Any CPU
		{69B06A40-F427-4982-A8A4-F2E140EFBD33}.Release|iPhone.Build.0 = Release|Any CPU
		{69B06A40-F427-4982-A8A4-F2E140EFBD33}.Release|iPhoneSimulator.ActiveCfg = Release|Any CPU
		{69B06A40-F427-4982-A8A4-F2E140EFBD33}.Release|iPhoneSimulator.Build.0 = Release|Any CPU
		{69B06A40-F427-4982-A8A4-F2E140EFBD33}.Release|x64.ActiveCfg = Release|Any CPU
		{69B06A40-F427-4982-A8A4-F2E140EFBD33}.Release|x64.Build.0 = Release|Any CPU
		{69B06A40-F427-4982-A8A4-F2E140EFBD33}.Release|x86.ActiveCfg = Release|Any CPU
		{69B06A40-F427-4982-A8A4-F2E140EFBD33}.Release|x86.Build.0 = Release|Any CPU
		{42AC1036-5969-40A5-A5BF-49A5DDEE71A7}.Ad-Hoc|Any CPU.ActiveCfg = Release|Any CPU
		{42AC1036-5969-40A5-A5BF-49A5DDEE71A7}.Ad-Hoc|Any CPU.Build.0 = Release|Any CPU
		{42AC1036-5969-40A5-A5BF-49A5DDEE71A7}.Ad-Hoc|iPhone.ActiveCfg = Release|Any CPU
		{42AC1036-5969-40A5-A5BF-49A5DDEE71A7}.Ad-Hoc|iPhone.Build.0 = Release|Any CPU
		{42AC1036-5969-40A5-A5BF-49A5DDEE71A7}.Ad-Hoc|iPhoneSimulator.ActiveCfg = Release|Any CPU
		{42AC1036-5969-40A5-A5BF-49A5DDEE71A7}.Ad-Hoc|iPhoneSimulator.Build.0 = Release|Any CPU
		{42AC1036-5969-40A5-A5BF-49A5DDEE71A7}.Ad-Hoc|x64.ActiveCfg = Release|Any CPU
		{42AC1036-5969-40A5-A5BF-49A5DDEE71A7}.Ad-Hoc|x64.Build.0 = Release|Any CPU
		{42AC1036-5969-40A5-A5BF-49A5DDEE71A7}.Ad-Hoc|x86.ActiveCfg = Release|Any CPU
		{42AC1036-5969-40A5-A5BF-49A5DDEE71A7}.Ad-Hoc|x86.Build.0 = Release|Any CPU
		{42AC1036-5969-40A5-A5BF-49A5DDEE71A7}.AppStore|Any CPU.ActiveCfg = Release|Any CPU
		{42AC1036-5969-40A5-A5BF-49A5DDEE71A7}.AppStore|Any CPU.Build.0 = Release|Any CPU
		{42AC1036-5969-40A5-A5BF-49A5DDEE71A7}.AppStore|iPhone.ActiveCfg = Release|Any CPU
		{42AC1036-5969-40A5-A5BF-49A5DDEE71A7}.AppStore|iPhone.Build.0 = Release|Any CPU
		{42AC1036-5969-40A5-A5BF-49A5DDEE71A7}.AppStore|iPhoneSimulator.ActiveCfg = Release|Any CPU
		{42AC1036-5969-40A5-A5BF-49A5DDEE71A7}.AppStore|iPhoneSimulator.Build.0 = Release|Any CPU
		{42AC1036-5969-40A5-A5BF-49A5DDEE71A7}.AppStore|x64.ActiveCfg = Release|Any CPU
		{42AC1036-5969-40A5-A5BF-49A5DDEE71A7}.AppStore|x64.Build.0 = Release|Any CPU
		{42AC1036-5969-40A5-A5BF-49A5DDEE71A7}.AppStore|x86.ActiveCfg = Release|Any CPU
		{42AC1036-5969-40A5-A5BF-49A5DDEE71A7}.AppStore|x86.Build.0 = Release|Any CPU
		{42AC1036-5969-40A5-A5BF-49A5DDEE71A7}.Debug|Any CPU.ActiveCfg = Debug|Any CPU
		{42AC1036-5969-40A5-A5BF-49A5DDEE71A7}.Debug|Any CPU.Build.0 = Debug|Any CPU
		{42AC1036-5969-40A5-A5BF-49A5DDEE71A7}.Debug|iPhone.ActiveCfg = Debug|Any CPU
		{42AC1036-5969-40A5-A5BF-49A5DDEE71A7}.Debug|iPhone.Build.0 = Debug|Any CPU
		{42AC1036-5969-40A5-A5BF-49A5DDEE71A7}.Debug|iPhoneSimulator.ActiveCfg = Debug|Any CPU
		{42AC1036-5969-40A5-A5BF-49A5DDEE71A7}.Debug|iPhoneSimulator.Build.0 = Debug|Any CPU
		{42AC1036-5969-40A5-A5BF-49A5DDEE71A7}.Debug|x64.ActiveCfg = Debug|Any CPU
		{42AC1036-5969-40A5-A5BF-49A5DDEE71A7}.Debug|x64.Build.0 = Debug|Any CPU
		{42AC1036-5969-40A5-A5BF-49A5DDEE71A7}.Debug|x86.ActiveCfg = Debug|Any CPU
		{42AC1036-5969-40A5-A5BF-49A5DDEE71A7}.Debug|x86.Build.0 = Debug|Any CPU
		{42AC1036-5969-40A5-A5BF-49A5DDEE71A7}.Release|Any CPU.ActiveCfg = Release|Any CPU
		{42AC1036-5969-40A5-A5BF-49A5DDEE71A7}.Release|Any CPU.Build.0 = Release|Any CPU
		{42AC1036-5969-40A5-A5BF-49A5DDEE71A7}.Release|iPhone.ActiveCfg = Release|Any CPU
		{42AC1036-5969-40A5-A5BF-49A5DDEE71A7}.Release|iPhone.Build.0 = Release|Any CPU
		{42AC1036-5969-40A5-A5BF-49A5DDEE71A7}.Release|iPhoneSimulator.ActiveCfg = Release|Any CPU
		{42AC1036-5969-40A5-A5BF-49A5DDEE71A7}.Release|iPhoneSimulator.Build.0 = Release|Any CPU
		{42AC1036-5969-40A5-A5BF-49A5DDEE71A7}.Release|x64.ActiveCfg = Release|Any CPU
		{42AC1036-5969-40A5-A5BF-49A5DDEE71A7}.Release|x64.Build.0 = Release|Any CPU
		{42AC1036-5969-40A5-A5BF-49A5DDEE71A7}.Release|x86.ActiveCfg = Release|Any CPU
		{42AC1036-5969-40A5-A5BF-49A5DDEE71A7}.Release|x86.Build.0 = Release|Any CPU
		{10153EC1-9FD5-44A6-A6A5-D771EAF12E64}.Ad-Hoc|Any CPU.ActiveCfg = Release|Any CPU
		{10153EC1-9FD5-44A6-A6A5-D771EAF12E64}.Ad-Hoc|Any CPU.Build.0 = Release|Any CPU
		{10153EC1-9FD5-44A6-A6A5-D771EAF12E64}.Ad-Hoc|iPhone.ActiveCfg = Release|Any CPU
		{10153EC1-9FD5-44A6-A6A5-D771EAF12E64}.Ad-Hoc|iPhone.Build.0 = Release|Any CPU
		{10153EC1-9FD5-44A6-A6A5-D771EAF12E64}.Ad-Hoc|iPhoneSimulator.ActiveCfg = Release|Any CPU
		{10153EC1-9FD5-44A6-A6A5-D771EAF12E64}.Ad-Hoc|iPhoneSimulator.Build.0 = Release|Any CPU
		{10153EC1-9FD5-44A6-A6A5-D771EAF12E64}.Ad-Hoc|x64.ActiveCfg = Release|Any CPU
		{10153EC1-9FD5-44A6-A6A5-D771EAF12E64}.Ad-Hoc|x64.Build.0 = Release|Any CPU
		{10153EC1-9FD5-44A6-A6A5-D771EAF12E64}.Ad-Hoc|x86.ActiveCfg = Release|Any CPU
		{10153EC1-9FD5-44A6-A6A5-D771EAF12E64}.Ad-Hoc|x86.Build.0 = Release|Any CPU
		{10153EC1-9FD5-44A6-A6A5-D771EAF12E64}.AppStore|Any CPU.ActiveCfg = Release|Any CPU
		{10153EC1-9FD5-44A6-A6A5-D771EAF12E64}.AppStore|Any CPU.Build.0 = Release|Any CPU
		{10153EC1-9FD5-44A6-A6A5-D771EAF12E64}.AppStore|iPhone.ActiveCfg = Release|Any CPU
		{10153EC1-9FD5-44A6-A6A5-D771EAF12E64}.AppStore|iPhone.Build.0 = Release|Any CPU
		{10153EC1-9FD5-44A6-A6A5-D771EAF12E64}.AppStore|iPhoneSimulator.ActiveCfg = Release|Any CPU
		{10153EC1-9FD5-44A6-A6A5-D771EAF12E64}.AppStore|iPhoneSimulator.Build.0 = Release|Any CPU
		{10153EC1-9FD5-44A6-A6A5-D771EAF12E64}.AppStore|x64.ActiveCfg = Release|Any CPU
		{10153EC1-9FD5-44A6-A6A5-D771EAF12E64}.AppStore|x64.Build.0 = Release|Any CPU
		{10153EC1-9FD5-44A6-A6A5-D771EAF12E64}.AppStore|x86.ActiveCfg = Release|Any CPU
		{10153EC1-9FD5-44A6-A6A5-D771EAF12E64}.AppStore|x86.Build.0 = Release|Any CPU
		{10153EC1-9FD5-44A6-A6A5-D771EAF12E64}.Debug|Any CPU.ActiveCfg = Debug|Any CPU
		{10153EC1-9FD5-44A6-A6A5-D771EAF12E64}.Debug|Any CPU.Build.0 = Debug|Any CPU
		{10153EC1-9FD5-44A6-A6A5-D771EAF12E64}.Debug|iPhone.ActiveCfg = Debug|Any CPU
		{10153EC1-9FD5-44A6-A6A5-D771EAF12E64}.Debug|iPhone.Build.0 = Debug|Any CPU
		{10153EC1-9FD5-44A6-A6A5-D771EAF12E64}.Debug|iPhoneSimulator.ActiveCfg = Debug|Any CPU
		{10153EC1-9FD5-44A6-A6A5-D771EAF12E64}.Debug|iPhoneSimulator.Build.0 = Debug|Any CPU
		{10153EC1-9FD5-44A6-A6A5-D771EAF12E64}.Debug|x64.ActiveCfg = Debug|Any CPU
		{10153EC1-9FD5-44A6-A6A5-D771EAF12E64}.Debug|x64.Build.0 = Debug|Any CPU
		{10153EC1-9FD5-44A6-A6A5-D771EAF12E64}.Debug|x86.ActiveCfg = Debug|Any CPU
		{10153EC1-9FD5-44A6-A6A5-D771EAF12E64}.Debug|x86.Build.0 = Debug|Any CPU
		{10153EC1-9FD5-44A6-A6A5-D771EAF12E64}.Release|Any CPU.ActiveCfg = Release|Any CPU
		{10153EC1-9FD5-44A6-A6A5-D771EAF12E64}.Release|Any CPU.Build.0 = Release|Any CPU
		{10153EC1-9FD5-44A6-A6A5-D771EAF12E64}.Release|iPhone.ActiveCfg = Release|Any CPU
		{10153EC1-9FD5-44A6-A6A5-D771EAF12E64}.Release|iPhone.Build.0 = Release|Any CPU
		{10153EC1-9FD5-44A6-A6A5-D771EAF12E64}.Release|iPhoneSimulator.ActiveCfg = Release|Any CPU
		{10153EC1-9FD5-44A6-A6A5-D771EAF12E64}.Release|iPhoneSimulator.Build.0 = Release|Any CPU
		{10153EC1-9FD5-44A6-A6A5-D771EAF12E64}.Release|x64.ActiveCfg = Release|Any CPU
		{10153EC1-9FD5-44A6-A6A5-D771EAF12E64}.Release|x64.Build.0 = Release|Any CPU
		{10153EC1-9FD5-44A6-A6A5-D771EAF12E64}.Release|x86.ActiveCfg = Release|Any CPU
		{10153EC1-9FD5-44A6-A6A5-D771EAF12E64}.Release|x86.Build.0 = Release|Any CPU
		{FCAE6C6A-CD88-4FF9-BAFE-BCD6C0634BE5}.Ad-Hoc|Any CPU.ActiveCfg = Release|Any CPU
		{FCAE6C6A-CD88-4FF9-BAFE-BCD6C0634BE5}.Ad-Hoc|Any CPU.Build.0 = Release|Any CPU
		{FCAE6C6A-CD88-4FF9-BAFE-BCD6C0634BE5}.Ad-Hoc|iPhone.ActiveCfg = Release|Any CPU
		{FCAE6C6A-CD88-4FF9-BAFE-BCD6C0634BE5}.Ad-Hoc|iPhone.Build.0 = Release|Any CPU
		{FCAE6C6A-CD88-4FF9-BAFE-BCD6C0634BE5}.Ad-Hoc|iPhoneSimulator.ActiveCfg = Release|Any CPU
		{FCAE6C6A-CD88-4FF9-BAFE-BCD6C0634BE5}.Ad-Hoc|iPhoneSimulator.Build.0 = Release|Any CPU
		{FCAE6C6A-CD88-4FF9-BAFE-BCD6C0634BE5}.Ad-Hoc|x64.ActiveCfg = Release|Any CPU
		{FCAE6C6A-CD88-4FF9-BAFE-BCD6C0634BE5}.Ad-Hoc|x64.Build.0 = Release|Any CPU
		{FCAE6C6A-CD88-4FF9-BAFE-BCD6C0634BE5}.Ad-Hoc|x86.ActiveCfg = Release|Any CPU
		{FCAE6C6A-CD88-4FF9-BAFE-BCD6C0634BE5}.Ad-Hoc|x86.Build.0 = Release|Any CPU
		{FCAE6C6A-CD88-4FF9-BAFE-BCD6C0634BE5}.AppStore|Any CPU.ActiveCfg = Release|Any CPU
		{FCAE6C6A-CD88-4FF9-BAFE-BCD6C0634BE5}.AppStore|Any CPU.Build.0 = Release|Any CPU
		{FCAE6C6A-CD88-4FF9-BAFE-BCD6C0634BE5}.AppStore|iPhone.ActiveCfg = Release|Any CPU
		{FCAE6C6A-CD88-4FF9-BAFE-BCD6C0634BE5}.AppStore|iPhone.Build.0 = Release|Any CPU
		{FCAE6C6A-CD88-4FF9-BAFE-BCD6C0634BE5}.AppStore|iPhoneSimulator.ActiveCfg = Release|Any CPU
		{FCAE6C6A-CD88-4FF9-BAFE-BCD6C0634BE5}.AppStore|iPhoneSimulator.Build.0 = Release|Any CPU
		{FCAE6C6A-CD88-4FF9-BAFE-BCD6C0634BE5}.AppStore|x64.ActiveCfg = Release|Any CPU
		{FCAE6C6A-CD88-4FF9-BAFE-BCD6C0634BE5}.AppStore|x64.Build.0 = Release|Any CPU
		{FCAE6C6A-CD88-4FF9-BAFE-BCD6C0634BE5}.AppStore|x86.ActiveCfg = Release|Any CPU
		{FCAE6C6A-CD88-4FF9-BAFE-BCD6C0634BE5}.AppStore|x86.Build.0 = Release|Any CPU
		{FCAE6C6A-CD88-4FF9-BAFE-BCD6C0634BE5}.Debug|Any CPU.ActiveCfg = Debug|Any CPU
		{FCAE6C6A-CD88-4FF9-BAFE-BCD6C0634BE5}.Debug|Any CPU.Build.0 = Debug|Any CPU
		{FCAE6C6A-CD88-4FF9-BAFE-BCD6C0634BE5}.Debug|iPhone.ActiveCfg = Debug|Any CPU
		{FCAE6C6A-CD88-4FF9-BAFE-BCD6C0634BE5}.Debug|iPhone.Build.0 = Debug|Any CPU
		{FCAE6C6A-CD88-4FF9-BAFE-BCD6C0634BE5}.Debug|iPhoneSimulator.ActiveCfg = Debug|Any CPU
		{FCAE6C6A-CD88-4FF9-BAFE-BCD6C0634BE5}.Debug|iPhoneSimulator.Build.0 = Debug|Any CPU
		{FCAE6C6A-CD88-4FF9-BAFE-BCD6C0634BE5}.Debug|x64.ActiveCfg = Debug|Any CPU
		{FCAE6C6A-CD88-4FF9-BAFE-BCD6C0634BE5}.Debug|x64.Build.0 = Debug|Any CPU
		{FCAE6C6A-CD88-4FF9-BAFE-BCD6C0634BE5}.Debug|x86.ActiveCfg = Debug|Any CPU
		{FCAE6C6A-CD88-4FF9-BAFE-BCD6C0634BE5}.Debug|x86.Build.0 = Debug|Any CPU
		{FCAE6C6A-CD88-4FF9-BAFE-BCD6C0634BE5}.Release|Any CPU.ActiveCfg = Release|Any CPU
		{FCAE6C6A-CD88-4FF9-BAFE-BCD6C0634BE5}.Release|Any CPU.Build.0 = Release|Any CPU
		{FCAE6C6A-CD88-4FF9-BAFE-BCD6C0634BE5}.Release|iPhone.ActiveCfg = Release|Any CPU
		{FCAE6C6A-CD88-4FF9-BAFE-BCD6C0634BE5}.Release|iPhone.Build.0 = Release|Any CPU
		{FCAE6C6A-CD88-4FF9-BAFE-BCD6C0634BE5}.Release|iPhoneSimulator.ActiveCfg = Release|Any CPU
		{FCAE6C6A-CD88-4FF9-BAFE-BCD6C0634BE5}.Release|iPhoneSimulator.Build.0 = Release|Any CPU
		{FCAE6C6A-CD88-4FF9-BAFE-BCD6C0634BE5}.Release|x64.ActiveCfg = Release|Any CPU
		{FCAE6C6A-CD88-4FF9-BAFE-BCD6C0634BE5}.Release|x64.Build.0 = Release|Any CPU
		{FCAE6C6A-CD88-4FF9-BAFE-BCD6C0634BE5}.Release|x86.ActiveCfg = Release|Any CPU
		{FCAE6C6A-CD88-4FF9-BAFE-BCD6C0634BE5}.Release|x86.Build.0 = Release|Any CPU
	EndGlobalSection
	GlobalSection(SolutionProperties) = preSolution
		HideSolutionNode = FALSE
	EndGlobalSection
	GlobalSection(NestedProjects) = preSolution
		{6008F957-F6C1-449B-81EC-0494F9964B73} = {31193A28-1C8F-4ED6-8C07-1620FB9700C9}
		{9A86875F-663A-4FC4-8A58-E1B6C3593BE7} = {31193A28-1C8F-4ED6-8C07-1620FB9700C9}
		{FCAE6C6A-CD88-4FF9-BAFE-BCD6C0634BE5} = {31193A28-1C8F-4ED6-8C07-1620FB9700C9}
	EndGlobalSection
	GlobalSection(ExtensibilityGlobals) = postSolution
		SolutionGuid = {E2785EB1-1CEF-47F7-A35D-2C8C78834469}
	EndGlobalSection
EndGlobal
